// !$*UTF8*$!
{
	archiveVersion = 1;
	classes = {
	};
	objectVersion = 46;
	objects = {

/* Begin PBXBuildFile section */
		AC11D335A77D4F015DBA17E3 /* libPods-LQBaseProject.a in Frameworks */ = {isa = PBXBuildFile; fileRef = 076D1BC3E18AD589441F084E /* libPods-LQBaseProject.a */; };
		FC2343B41D66D91000ADB748 /* LQNetworkingRequest.m in Sources */ = {isa = PBXBuildFile; fileRef = FC2343B31D66D91000ADB748 /* LQNetworkingRequest.m */; };
		FC51A8F41D659C8F0004FEAE /* main.m in Sources */ = {isa = PBXBuildFile; fileRef = FC51A8F31D659C8F0004FEAE /* main.m */; };
		FC51A8F71D659C8F0004FEAE /* AppDelegate.m in Sources */ = {isa = PBXBuildFile; fileRef = FC51A8F61D659C8F0004FEAE /* AppDelegate.m */; };
		FC51A8FF1D659C8F0004FEAE /* Assets.xcassets in Resources */ = {isa = PBXBuildFile; fileRef = FC51A8FE1D659C8F0004FEAE /* Assets.xcassets */; };
		FC51A9021D659C8F0004FEAE /* LaunchScreen.storyboard in Resources */ = {isa = PBXBuildFile; fileRef = FC51A9001D659C8F0004FEAE /* LaunchScreen.storyboard */; };
		FC51A90D1D659C8F0004FEAE /* LQBaseProjectTests.m in Sources */ = {isa = PBXBuildFile; fileRef = FC51A90C1D659C8F0004FEAE /* LQBaseProjectTests.m */; };
		FC51A9181D659C8F0004FEAE /* LQBaseProjectUITests.m in Sources */ = {isa = PBXBuildFile; fileRef = FC51A9171D659C8F0004FEAE /* LQBaseProjectUITests.m */; };
		FC51A9301D659CA10004FEAE /* BaseModel.m in Sources */ = {isa = PBXBuildFile; fileRef = FC51A9271D659CA10004FEAE /* BaseModel.m */; };
		FC51A9311D659CA10004FEAE /* BaseNavigationViewController.m in Sources */ = {isa = PBXBuildFile; fileRef = FC51A9291D659CA10004FEAE /* BaseNavigationViewController.m */; };
		FC51A9321D659CA10004FEAE /* BaseTabBarViewController.m in Sources */ = {isa = PBXBuildFile; fileRef = FC51A92B1D659CA10004FEAE /* BaseTabBarViewController.m */; };
		FC51A9331D659CA10004FEAE /* BaseView.m in Sources */ = {isa = PBXBuildFile; fileRef = FC51A92D1D659CA10004FEAE /* BaseView.m */; };
		FC51A9341D659CA10004FEAE /* BaseViewController.m in Sources */ = {isa = PBXBuildFile; fileRef = FC51A92F1D659CA10004FEAE /* BaseViewController.m */; };
		FCDF73CF1D6C36DE007B838B /* LQSexyWomanListModel.m in Sources */ = {isa = PBXBuildFile; fileRef = FCDF73C61D6C36DE007B838B /* LQSexyWomanListModel.m */; };
		FCDF73D01D6C36DE007B838B /* LQSexyWomanListViewController.m in Sources */ = {isa = PBXBuildFile; fileRef = FCDF73C91D6C36DE007B838B /* LQSexyWomanListViewController.m */; };
		FCDF73D11D6C36DE007B838B /* LQCustomCollectionViewLayout.m in Sources */ = {isa = PBXBuildFile; fileRef = FCDF73CC1D6C36DE007B838B /* LQCustomCollectionViewLayout.m */; };
		FCDF73D21D6C36DE007B838B /* LQImageListCollectionViewCell.m in Sources */ = {isa = PBXBuildFile; fileRef = FCDF73CE1D6C36DE007B838B /* LQImageListCollectionViewCell.m */; };
		FCDF73D81D6C3E8D007B838B /* LQFullscreenImageViewController.m in Sources */ = {isa = PBXBuildFile; fileRef = FCDF73D71D6C3E8D007B838B /* LQFullscreenImageViewController.m */; };
		FCDF73EA1D6C44A8007B838B /* LQSearchingViewController.m in Sources */ = {isa = PBXBuildFile; fileRef = FCDF73E91D6C44A8007B838B /* LQSearchingViewController.m */; };
		FCDF73F61D6C44FB007B838B /* LQPersonInfoViewController.m in Sources */ = {isa = PBXBuildFile; fileRef = FCDF73F51D6C44FB007B838B /* LQPersonInfoViewController.m */; };
		FCDF73FA1D6C4862007B838B /* UmengUtility.m in Sources */ = {isa = PBXBuildFile; fileRef = FCDF73F91D6C4862007B838B /* UmengUtility.m */; };
		FCE362A11D66E58E00FFFC13 /* UIView+LwqCGRect.m in Sources */ = {isa = PBXBuildFile; fileRef = FCE362A01D66E58E00FFFC13 /* UIView+LwqCGRect.m */; };
		FCE362A51D66E87500FFFC13 /* NSString+LQAddition.m in Sources */ = {isa = PBXBuildFile; fileRef = FCE362A41D66E87500FFFC13 /* NSString+LQAddition.m */; };
		FCE362A81D66E9E600FFFC13 /* UIButton+LQAddition.m in Sources */ = {isa = PBXBuildFile; fileRef = FCE362A71D66E9E600FFFC13 /* UIButton+LQAddition.m */; };
		FCE362AB1D66EB3500FFFC13 /* UILabel+LQAddition.m in Sources */ = {isa = PBXBuildFile; fileRef = FCE362AA1D66EB3500FFFC13 /* UILabel+LQAddition.m */; };
		FCE362AF1D66EDBC00FFFC13 /* NSDate+LQAddition.m in Sources */ = {isa = PBXBuildFile; fileRef = FCE362AE1D66EDBC00FFFC13 /* NSDate+LQAddition.m */; };
		FCE362B51D66F17500FFFC13 /* KSKRoundCornerCell.m in Sources */ = {isa = PBXBuildFile; fileRef = FCE362B41D66F17500FFFC13 /* KSKRoundCornerCell.m */; };
		FCE362C01D66F80B00FFFC13 /* UserCenter.m in Sources */ = {isa = PBXBuildFile; fileRef = FCE362BF1D66F80B00FFFC13 /* UserCenter.m */; };
/* End PBXBuildFile section */

/* Begin PBXContainerItemProxy section */
		FC51A9091D659C8F0004FEAE /* PBXContainerItemProxy */ = {
			isa = PBXContainerItemProxy;
			containerPortal = FC51A8E71D659C8F0004FEAE /* Project object */;
			proxyType = 1;
			remoteGlobalIDString = FC51A8EE1D659C8F0004FEAE;
			remoteInfo = LQBaseProject;
		};
		FC51A9141D659C8F0004FEAE /* PBXContainerItemProxy */ = {
			isa = PBXContainerItemProxy;
			containerPortal = FC51A8E71D659C8F0004FEAE /* Project object */;
			proxyType = 1;
			remoteGlobalIDString = FC51A8EE1D659C8F0004FEAE;
			remoteInfo = LQBaseProject;
		};
/* End PBXContainerItemProxy section */

/* Begin PBXFileReference section */
		076D1BC3E18AD589441F084E /* libPods-LQBaseProject.a */ = {isa = PBXFileReference; explicitFileType = archive.ar; includeInIndex = 0; path = "libPods-LQBaseProject.a"; sourceTree = BUILT_PRODUCTS_DIR; };
		2D6770FB7C6140271D6EBA97 /* Pods-LQBaseProject.release.xcconfig */ = {isa = PBXFileReference; includeInIndex = 1; lastKnownFileType = text.xcconfig; name = "Pods-LQBaseProject.release.xcconfig"; path = "Pods/Target Support Files/Pods-LQBaseProject/Pods-LQBaseProject.release.xcconfig"; sourceTree = "<group>"; };
		99518C0F04B59A9CC10FCBB9 /* Pods-LQBaseProject.debug.xcconfig */ = {isa = PBXFileReference; includeInIndex = 1; lastKnownFileType = text.xcconfig; name = "Pods-LQBaseProject.debug.xcconfig"; path = "Pods/Target Support Files/Pods-LQBaseProject/Pods-LQBaseProject.debug.xcconfig"; sourceTree = "<group>"; };
		FC2343B21D66D91000ADB748 /* LQNetworkingRequest.h */ = {isa = PBXFileReference; fileEncoding = 4; lastKnownFileType = sourcecode.c.h; path = LQNetworkingRequest.h; sourceTree = "<group>"; };
		FC2343B31D66D91000ADB748 /* LQNetworkingRequest.m */ = {isa = PBXFileReference; fileEncoding = 4; lastKnownFileType = sourcecode.c.objc; path = LQNetworkingRequest.m; sourceTree = "<group>"; };
		FC51A8EF1D659C8F0004FEAE /* LQBaseProject.app */ = {isa = PBXFileReference; explicitFileType = wrapper.application; includeInIndex = 0; path = LQBaseProject.app; sourceTree = BUILT_PRODUCTS_DIR; };
		FC51A8F31D659C8F0004FEAE /* main.m */ = {isa = PBXFileReference; lastKnownFileType = sourcecode.c.objc; path = main.m; sourceTree = "<group>"; };
		FC51A8F51D659C8F0004FEAE /* AppDelegate.h */ = {isa = PBXFileReference; lastKnownFileType = sourcecode.c.h; path = AppDelegate.h; sourceTree = "<group>"; };
		FC51A8F61D659C8F0004FEAE /* AppDelegate.m */ = {isa = PBXFileReference; lastKnownFileType = sourcecode.c.objc; path = AppDelegate.m; sourceTree = "<group>"; };
		FC51A8FE1D659C8F0004FEAE /* Assets.xcassets */ = {isa = PBXFileReference; lastKnownFileType = folder.assetcatalog; path = Assets.xcassets; sourceTree = "<group>"; };
		FC51A9011D659C8F0004FEAE /* Base */ = {isa = PBXFileReference; lastKnownFileType = file.storyboard; name = Base; path = Base.lproj/LaunchScreen.storyboard; sourceTree = "<group>"; };
		FC51A9031D659C8F0004FEAE /* Info.plist */ = {isa = PBXFileReference; lastKnownFileType = text.plist.xml; path = Info.plist; sourceTree = "<group>"; };
		FC51A9081D659C8F0004FEAE /* LQBaseProjectTests.xctest */ = {isa = PBXFileReference; explicitFileType = wrapper.cfbundle; includeInIndex = 0; path = LQBaseProjectTests.xctest; sourceTree = BUILT_PRODUCTS_DIR; };
		FC51A90C1D659C8F0004FEAE /* LQBaseProjectTests.m */ = {isa = PBXFileReference; lastKnownFileType = sourcecode.c.objc; path = LQBaseProjectTests.m; sourceTree = "<group>"; };
		FC51A90E1D659C8F0004FEAE /* Info.plist */ = {isa = PBXFileReference; lastKnownFileType = text.plist.xml; path = Info.plist; sourceTree = "<group>"; };
		FC51A9131D659C8F0004FEAE /* LQBaseProjectUITests.xctest */ = {isa = PBXFileReference; explicitFileType = wrapper.cfbundle; includeInIndex = 0; path = LQBaseProjectUITests.xctest; sourceTree = BUILT_PRODUCTS_DIR; };
		FC51A9171D659C8F0004FEAE /* LQBaseProjectUITests.m */ = {isa = PBXFileReference; lastKnownFileType = sourcecode.c.objc; path = LQBaseProjectUITests.m; sourceTree = "<group>"; };
		FC51A9191D659C8F0004FEAE /* Info.plist */ = {isa = PBXFileReference; lastKnownFileType = text.plist.xml; path = Info.plist; sourceTree = "<group>"; };
		FC51A9261D659CA10004FEAE /* BaseModel.h */ = {isa = PBXFileReference; fileEncoding = 4; lastKnownFileType = sourcecode.c.h; path = BaseModel.h; sourceTree = "<group>"; };
		FC51A9271D659CA10004FEAE /* BaseModel.m */ = {isa = PBXFileReference; fileEncoding = 4; lastKnownFileType = sourcecode.c.objc; path = BaseModel.m; sourceTree = "<group>"; };
		FC51A9281D659CA10004FEAE /* BaseNavigationViewController.h */ = {isa = PBXFileReference; fileEncoding = 4; lastKnownFileType = sourcecode.c.h; path = BaseNavigationViewController.h; sourceTree = "<group>"; };
		FC51A9291D659CA10004FEAE /* BaseNavigationViewController.m */ = {isa = PBXFileReference; fileEncoding = 4; lastKnownFileType = sourcecode.c.objc; path = BaseNavigationViewController.m; sourceTree = "<group>"; };
		FC51A92A1D659CA10004FEAE /* BaseTabBarViewController.h */ = {isa = PBXFileReference; fileEncoding = 4; lastKnownFileType = sourcecode.c.h; path = BaseTabBarViewController.h; sourceTree = "<group>"; };
		FC51A92B1D659CA10004FEAE /* BaseTabBarViewController.m */ = {isa = PBXFileReference; fileEncoding = 4; lastKnownFileType = sourcecode.c.objc; path = BaseTabBarViewController.m; sourceTree = "<group>"; };
		FC51A92C1D659CA10004FEAE /* BaseView.h */ = {isa = PBXFileReference; fileEncoding = 4; lastKnownFileType = sourcecode.c.h; path = BaseView.h; sourceTree = "<group>"; };
		FC51A92D1D659CA10004FEAE /* BaseView.m */ = {isa = PBXFileReference; fileEncoding = 4; lastKnownFileType = sourcecode.c.objc; path = BaseView.m; sourceTree = "<group>"; };
		FC51A92E1D659CA10004FEAE /* BaseViewController.h */ = {isa = PBXFileReference; fileEncoding = 4; lastKnownFileType = sourcecode.c.h; path = BaseViewController.h; sourceTree = "<group>"; };
		FC51A92F1D659CA10004FEAE /* BaseViewController.m */ = {isa = PBXFileReference; fileEncoding = 4; lastKnownFileType = sourcecode.c.objc; path = BaseViewController.m; sourceTree = "<group>"; };
		FC51A9361D659CF40004FEAE /* LQMacro.h */ = {isa = PBXFileReference; lastKnownFileType = sourcecode.c.h; path = LQMacro.h; sourceTree = "<group>"; };
		FC51A9371D659D1E0004FEAE /* LQAppInfoMacro.h */ = {isa = PBXFileReference; lastKnownFileType = sourcecode.c.h; path = LQAppInfoMacro.h; sourceTree = "<group>"; };
		FC51A9381D659D490004FEAE /* LQCommomFunMacro.h */ = {isa = PBXFileReference; lastKnownFileType = sourcecode.c.h; path = LQCommomFunMacro.h; sourceTree = "<group>"; };
		FC51A9391D659DA10004FEAE /* LQNetWorkingMacro.h */ = {isa = PBXFileReference; lastKnownFileType = sourcecode.c.h; path = LQNetWorkingMacro.h; sourceTree = "<group>"; };
		FC51A93A1D65A0C50004FEAE /* LQAppCustomerMacro.h */ = {isa = PBXFileReference; lastKnownFileType = sourcecode.c.h; path = LQAppCustomerMacro.h; sourceTree = "<group>"; };
		FCDF73C51D6C36DE007B838B /* LQSexyWomanListModel.h */ = {isa = PBXFileReference; fileEncoding = 4; lastKnownFileType = sourcecode.c.h; path = LQSexyWomanListModel.h; sourceTree = "<group>"; };
		FCDF73C61D6C36DE007B838B /* LQSexyWomanListModel.m */ = {isa = PBXFileReference; fileEncoding = 4; lastKnownFileType = sourcecode.c.objc; path = LQSexyWomanListModel.m; sourceTree = "<group>"; };
		FCDF73C81D6C36DE007B838B /* LQSexyWomanListViewController.h */ = {isa = PBXFileReference; fileEncoding = 4; lastKnownFileType = sourcecode.c.h; path = LQSexyWomanListViewController.h; sourceTree = "<group>"; };
		FCDF73C91D6C36DE007B838B /* LQSexyWomanListViewController.m */ = {isa = PBXFileReference; fileEncoding = 4; lastKnownFileType = sourcecode.c.objc; path = LQSexyWomanListViewController.m; sourceTree = "<group>"; };
		FCDF73CB1D6C36DE007B838B /* LQCustomCollectionViewLayout.h */ = {isa = PBXFileReference; fileEncoding = 4; lastKnownFileType = sourcecode.c.h; path = LQCustomCollectionViewLayout.h; sourceTree = "<group>"; };
		FCDF73CC1D6C36DE007B838B /* LQCustomCollectionViewLayout.m */ = {isa = PBXFileReference; fileEncoding = 4; lastKnownFileType = sourcecode.c.objc; path = LQCustomCollectionViewLayout.m; sourceTree = "<group>"; };
		FCDF73CD1D6C36DE007B838B /* LQImageListCollectionViewCell.h */ = {isa = PBXFileReference; fileEncoding = 4; lastKnownFileType = sourcecode.c.h; path = LQImageListCollectionViewCell.h; sourceTree = "<group>"; };
		FCDF73CE1D6C36DE007B838B /* LQImageListCollectionViewCell.m */ = {isa = PBXFileReference; fileEncoding = 4; lastKnownFileType = sourcecode.c.objc; path = LQImageListCollectionViewCell.m; sourceTree = "<group>"; };
		FCDF73D61D6C3E8D007B838B /* LQFullscreenImageViewController.h */ = {isa = PBXFileReference; fileEncoding = 4; lastKnownFileType = sourcecode.c.h; path = LQFullscreenImageViewController.h; sourceTree = "<group>"; };
		FCDF73D71D6C3E8D007B838B /* LQFullscreenImageViewController.m */ = {isa = PBXFileReference; fileEncoding = 4; lastKnownFileType = sourcecode.c.objc; path = LQFullscreenImageViewController.m; sourceTree = "<group>"; };
		FCDF73E81D6C44A8007B838B /* LQSearchingViewController.h */ = {isa = PBXFileReference; fileEncoding = 4; lastKnownFileType = sourcecode.c.h; path = LQSearchingViewController.h; sourceTree = "<group>"; };
		FCDF73E91D6C44A8007B838B /* LQSearchingViewController.m */ = {isa = PBXFileReference; fileEncoding = 4; lastKnownFileType = sourcecode.c.objc; path = LQSearchingViewController.m; sourceTree = "<group>"; };
		FCDF73F41D6C44FB007B838B /* LQPersonInfoViewController.h */ = {isa = PBXFileReference; fileEncoding = 4; lastKnownFileType = sourcecode.c.h; path = LQPersonInfoViewController.h; sourceTree = "<group>"; };
		FCDF73F51D6C44FB007B838B /* LQPersonInfoViewController.m */ = {isa = PBXFileReference; fileEncoding = 4; lastKnownFileType = sourcecode.c.objc; path = LQPersonInfoViewController.m; sourceTree = "<group>"; };
		FCDF73F81D6C4862007B838B /* UmengUtility.h */ = {isa = PBXFileReference; fileEncoding = 4; lastKnownFileType = sourcecode.c.h; path = UmengUtility.h; sourceTree = "<group>"; };
		FCDF73F91D6C4862007B838B /* UmengUtility.m */ = {isa = PBXFileReference; fileEncoding = 4; lastKnownFileType = sourcecode.c.objc; path = UmengUtility.m; sourceTree = "<group>"; };
		FCE3629F1D66E58E00FFFC13 /* UIView+LwqCGRect.h */ = {isa = PBXFileReference; fileEncoding = 4; lastKnownFileType = sourcecode.c.h; path = "UIView+LwqCGRect.h"; sourceTree = "<group>"; };
		FCE362A01D66E58E00FFFC13 /* UIView+LwqCGRect.m */ = {isa = PBXFileReference; fileEncoding = 4; lastKnownFileType = sourcecode.c.objc; path = "UIView+LwqCGRect.m"; sourceTree = "<group>"; };
		FCE362A31D66E87500FFFC13 /* NSString+LQAddition.h */ = {isa = PBXFileReference; fileEncoding = 4; lastKnownFileType = sourcecode.c.h; path = "NSString+LQAddition.h"; sourceTree = "<group>"; };
		FCE362A41D66E87500FFFC13 /* NSString+LQAddition.m */ = {isa = PBXFileReference; fileEncoding = 4; lastKnownFileType = sourcecode.c.objc; path = "NSString+LQAddition.m"; sourceTree = "<group>"; };
		FCE362A61D66E9E600FFFC13 /* UIButton+LQAddition.h */ = {isa = PBXFileReference; fileEncoding = 4; lastKnownFileType = sourcecode.c.h; path = "UIButton+LQAddition.h"; sourceTree = "<group>"; };
		FCE362A71D66E9E600FFFC13 /* UIButton+LQAddition.m */ = {isa = PBXFileReference; fileEncoding = 4; lastKnownFileType = sourcecode.c.objc; path = "UIButton+LQAddition.m"; sourceTree = "<group>"; };
		FCE362A91D66EB3500FFFC13 /* UILabel+LQAddition.h */ = {isa = PBXFileReference; fileEncoding = 4; lastKnownFileType = sourcecode.c.h; path = "UILabel+LQAddition.h"; sourceTree = "<group>"; };
		FCE362AA1D66EB3500FFFC13 /* UILabel+LQAddition.m */ = {isa = PBXFileReference; fileEncoding = 4; lastKnownFileType = sourcecode.c.objc; path = "UILabel+LQAddition.m"; sourceTree = "<group>"; };
		FCE362AC1D66EBEA00FFFC13 /* LQCategory.h */ = {isa = PBXFileReference; lastKnownFileType = sourcecode.c.h; path = LQCategory.h; sourceTree = "<group>"; };
		FCE362AD1D66EDBC00FFFC13 /* NSDate+LQAddition.h */ = {isa = PBXFileReference; fileEncoding = 4; lastKnownFileType = sourcecode.c.h; path = "NSDate+LQAddition.h"; sourceTree = "<group>"; };
		FCE362AE1D66EDBC00FFFC13 /* NSDate+LQAddition.m */ = {isa = PBXFileReference; fileEncoding = 4; lastKnownFileType = sourcecode.c.objc; path = "NSDate+LQAddition.m"; sourceTree = "<group>"; };
		FCE362B01D66EF0A00FFFC13 /* SDWebImage.h */ = {isa = PBXFileReference; lastKnownFileType = sourcecode.c.h; path = SDWebImage.h; sourceTree = "<group>"; };
		FCE362B31D66F17500FFFC13 /* KSKRoundCornerCell.h */ = {isa = PBXFileReference; fileEncoding = 4; lastKnownFileType = sourcecode.c.h; path = KSKRoundCornerCell.h; sourceTree = "<group>"; };
		FCE362B41D66F17500FFFC13 /* KSKRoundCornerCell.m */ = {isa = PBXFileReference; fileEncoding = 4; lastKnownFileType = sourcecode.c.objc; path = KSKRoundCornerCell.m; sourceTree = "<group>"; };
		FCE362BE1D66F80B00FFFC13 /* UserCenter.h */ = {isa = PBXFileReference; fileEncoding = 4; lastKnownFileType = sourcecode.c.h; name = UserCenter.h; path = LQBaseProject/SingleInstance/UserCenter.h; sourceTree = SOURCE_ROOT; };
		FCE362BF1D66F80B00FFFC13 /* UserCenter.m */ = {isa = PBXFileReference; fileEncoding = 4; lastKnownFileType = sourcecode.c.objc; name = UserCenter.m; path = LQBaseProject/SingleInstance/UserCenter.m; sourceTree = SOURCE_ROOT; };
/* End PBXFileReference section */

/* Begin PBXFrameworksBuildPhase section */
		FC51A8EC1D659C8F0004FEAE /* Frameworks */ = {
			isa = PBXFrameworksBuildPhase;
			buildActionMask = 2147483647;
			files = (
				AC11D335A77D4F015DBA17E3 /* libPods-LQBaseProject.a in Frameworks */,
			);
			runOnlyForDeploymentPostprocessing = 0;
		};
		FC51A9051D659C8F0004FEAE /* Frameworks */ = {
			isa = PBXFrameworksBuildPhase;
			buildActionMask = 2147483647;
			files = (
			);
			runOnlyForDeploymentPostprocessing = 0;
		};
		FC51A9101D659C8F0004FEAE /* Frameworks */ = {
			isa = PBXFrameworksBuildPhase;
			buildActionMask = 2147483647;
			files = (
			);
			runOnlyForDeploymentPostprocessing = 0;
		};
/* End PBXFrameworksBuildPhase section */

/* Begin PBXGroup section */
		E578BE0F3C4D849A7326BF1C /* Frameworks */ = {
			isa = PBXGroup;
			children = (
				076D1BC3E18AD589441F084E /* libPods-LQBaseProject.a */,
			);
			name = Frameworks;
			sourceTree = "<group>";
		};
		F3F22B0B35F843F7BF98CF84 /* Pods */ = {
			isa = PBXGroup;
			children = (
				99518C0F04B59A9CC10FCBB9 /* Pods-LQBaseProject.debug.xcconfig */,
				2D6770FB7C6140271D6EBA97 /* Pods-LQBaseProject.release.xcconfig */,
			);
			name = Pods;
			sourceTree = "<group>";
		};
		FC2343B01D66D8F800ADB748 /* Utility */ = {
			isa = PBXGroup;
			children = (
				FCDF73F71D6C484A007B838B /* Umeng */,
				FCDF73D41D6C3E7F007B838B /* LQControl */,
				FCE362B11D66F13800FFFC13 /* ThirdParyLibrary */,
				FCE362A21D66E81B00FFFC13 /* LQCategory */,
				FCE3629E1D66E57D00FFFC13 /* AdapterScreen */,
				FC2343B11D66D91000ADB748 /* Networking */,
			);
			path = Utility;
			sourceTree = "<group>";
		};
		FC2343B11D66D91000ADB748 /* Networking */ = {
			isa = PBXGroup;
			children = (
				FC2343B21D66D91000ADB748 /* LQNetworkingRequest.h */,
				FC2343B31D66D91000ADB748 /* LQNetworkingRequest.m */,
			);
			path = Networking;
			sourceTree = "<group>";
		};
		FC51A8E61D659C8F0004FEAE = {
			isa = PBXGroup;
			children = (
				FC51A8F11D659C8F0004FEAE /* LQBaseProject */,
				FC51A90B1D659C8F0004FEAE /* LQBaseProjectTests */,
				FC51A9161D659C8F0004FEAE /* LQBaseProjectUITests */,
				FC51A8F01D659C8F0004FEAE /* Products */,
				F3F22B0B35F843F7BF98CF84 /* Pods */,
				E578BE0F3C4D849A7326BF1C /* Frameworks */,
			);
			sourceTree = "<group>";
		};
		FC51A8F01D659C8F0004FEAE /* Products */ = {
			isa = PBXGroup;
			children = (
				FC51A8EF1D659C8F0004FEAE /* LQBaseProject.app */,
				FC51A9081D659C8F0004FEAE /* LQBaseProjectTests.xctest */,
				FC51A9131D659C8F0004FEAE /* LQBaseProjectUITests.xctest */,
			);
			name = Products;
			sourceTree = "<group>";
		};
		FC51A8F11D659C8F0004FEAE /* LQBaseProject */ = {
			isa = PBXGroup;
			children = (
				FC51A8FE1D659C8F0004FEAE /* Assets.xcassets */,
				FC51A8F51D659C8F0004FEAE /* AppDelegate.h */,
				FC51A8F61D659C8F0004FEAE /* AppDelegate.m */,
				FC51A9351D659CDE0004FEAE /* Macro */,
				FCE3629D1D66E19300FFFC13 /* UserInterface */,
				FCE362BD1D66F7D400FFFC13 /* SingleInstance */,
				FC2343B01D66D8F800ADB748 /* Utility */,
				FC51A9251D659CA10004FEAE /* BaseClasses */,
				FC51A8F21D659C8F0004FEAE /* Supporting Files */,
			);
			path = LQBaseProject;
			sourceTree = "<group>";
		};
		FC51A8F21D659C8F0004FEAE /* Supporting Files */ = {
			isa = PBXGroup;
			children = (
				FC51A9001D659C8F0004FEAE /* LaunchScreen.storyboard */,
				FC51A9031D659C8F0004FEAE /* Info.plist */,
				FC51A8F31D659C8F0004FEAE /* main.m */,
			);
			name = "Supporting Files";
			sourceTree = "<group>";
		};
		FC51A90B1D659C8F0004FEAE /* LQBaseProjectTests */ = {
			isa = PBXGroup;
			children = (
				FC51A90C1D659C8F0004FEAE /* LQBaseProjectTests.m */,
				FC51A90E1D659C8F0004FEAE /* Info.plist */,
			);
			path = LQBaseProjectTests;
			sourceTree = "<group>";
		};
		FC51A9161D659C8F0004FEAE /* LQBaseProjectUITests */ = {
			isa = PBXGroup;
			children = (
				FC51A9171D659C8F0004FEAE /* LQBaseProjectUITests.m */,
				FC51A9191D659C8F0004FEAE /* Info.plist */,
			);
			path = LQBaseProjectUITests;
			sourceTree = "<group>";
		};
		FC51A9251D659CA10004FEAE /* BaseClasses */ = {
			isa = PBXGroup;
			children = (
				FC51A92A1D659CA10004FEAE /* BaseTabBarViewController.h */,
				FC51A92B1D659CA10004FEAE /* BaseTabBarViewController.m */,
				FC51A9261D659CA10004FEAE /* BaseModel.h */,
				FC51A9271D659CA10004FEAE /* BaseModel.m */,
				FC51A9281D659CA10004FEAE /* BaseNavigationViewController.h */,
				FC51A9291D659CA10004FEAE /* BaseNavigationViewController.m */,
				FC51A92C1D659CA10004FEAE /* BaseView.h */,
				FC51A92D1D659CA10004FEAE /* BaseView.m */,
				FC51A92E1D659CA10004FEAE /* BaseViewController.h */,
				FC51A92F1D659CA10004FEAE /* BaseViewController.m */,
			);
			path = BaseClasses;
			sourceTree = "<group>";
		};
		FC51A9351D659CDE0004FEAE /* Macro */ = {
			isa = PBXGroup;
			children = (
				FC51A9361D659CF40004FEAE /* LQMacro.h */,
				FC51A9371D659D1E0004FEAE /* LQAppInfoMacro.h */,
				FC51A9381D659D490004FEAE /* LQCommomFunMacro.h */,
				FC51A9391D659DA10004FEAE /* LQNetWorkingMacro.h */,
				FC51A93A1D65A0C50004FEAE /* LQAppCustomerMacro.h */,
				FCE362B01D66EF0A00FFFC13 /* SDWebImage.h */,
			);
			path = Macro;
			sourceTree = "<group>";
		};
		FCDF73C21D6C36AE007B838B /* SearchingModule */ = {
			isa = PBXGroup;
			children = (
				FCDF73D91D6C4484007B838B /* Model */,
				FCDF73DC1D6C4484007B838B /* Controller */,
				FCDF73DF1D6C4484007B838B /* View */,
			);
			path = SearchingModule;
			sourceTree = "<group>";
		};
		FCDF73C31D6C36CB007B838B /* HomePageModule */ = {
			isa = PBXGroup;
			children = (
				FCDF73C41D6C36DE007B838B /* Model */,
				FCDF73C71D6C36DE007B838B /* Controller */,
				FCDF73CA1D6C36DE007B838B /* View */,
			);
			path = HomePageModule;
			sourceTree = "<group>";
		};
		FCDF73C41D6C36DE007B838B /* Model */ = {
			isa = PBXGroup;
			children = (
				FCDF73C51D6C36DE007B838B /* LQSexyWomanListModel.h */,
				FCDF73C61D6C36DE007B838B /* LQSexyWomanListModel.m */,
			);
			path = Model;
			sourceTree = "<group>";
		};
		FCDF73C71D6C36DE007B838B /* Controller */ = {
			isa = PBXGroup;
			children = (
				FCDF73C81D6C36DE007B838B /* LQSexyWomanListViewController.h */,
				FCDF73C91D6C36DE007B838B /* LQSexyWomanListViewController.m */,
			);
			path = Controller;
			sourceTree = "<group>";
		};
		FCDF73CA1D6C36DE007B838B /* View */ = {
			isa = PBXGroup;
			children = (
				FCDF73CB1D6C36DE007B838B /* LQCustomCollectionViewLayout.h */,
				FCDF73CC1D6C36DE007B838B /* LQCustomCollectionViewLayout.m */,
				FCDF73CD1D6C36DE007B838B /* LQImageListCollectionViewCell.h */,
				FCDF73CE1D6C36DE007B838B /* LQImageListCollectionViewCell.m */,
			);
			path = View;
			sourceTree = "<group>";
		};
		FCDF73D31D6C3710007B838B /* PersonInfoModule */ = {
			isa = PBXGroup;
			children = (
				FCDF73EB1D6C44DC007B838B /* View */,
				FCDF73F01D6C44DC007B838B /* Model */,
				FCDF73F11D6C44DC007B838B /* Controller */,
			);
			path = PersonInfoModule;
			sourceTree = "<group>";
		};
		FCDF73D41D6C3E7F007B838B /* LQControl */ = {
			isa = PBXGroup;
			children = (
				FCDF73D51D6C3E8D007B838B /* tapImageFullScreen */,
			);
			path = LQControl;
			sourceTree = "<group>";
		};
		FCDF73D51D6C3E8D007B838B /* tapImageFullScreen */ = {
			isa = PBXGroup;
			children = (
				FCDF73D61D6C3E8D007B838B /* LQFullscreenImageViewController.h */,
				FCDF73D71D6C3E8D007B838B /* LQFullscreenImageViewController.m */,
			);
			path = tapImageFullScreen;
			sourceTree = "<group>";
		};
		FCDF73D91D6C4484007B838B /* Model */ = {
			isa = PBXGroup;
			children = (
			);
			path = Model;
			sourceTree = "<group>";
		};
		FCDF73DC1D6C4484007B838B /* Controller */ = {
			isa = PBXGroup;
			children = (
				FCDF73E81D6C44A8007B838B /* LQSearchingViewController.h */,
				FCDF73E91D6C44A8007B838B /* LQSearchingViewController.m */,
			);
			path = Controller;
			sourceTree = "<group>";
		};
		FCDF73DF1D6C4484007B838B /* View */ = {
			isa = PBXGroup;
			children = (
			);
			path = View;
			sourceTree = "<group>";
		};
		FCDF73EB1D6C44DC007B838B /* View */ = {
			isa = PBXGroup;
			children = (
			);
			path = View;
			sourceTree = "<group>";
		};
		FCDF73F01D6C44DC007B838B /* Model */ = {
			isa = PBXGroup;
			children = (
			);
			path = Model;
			sourceTree = "<group>";
		};
		FCDF73F11D6C44DC007B838B /* Controller */ = {
			isa = PBXGroup;
			children = (
				FCDF73F41D6C44FB007B838B /* LQPersonInfoViewController.h */,
				FCDF73F51D6C44FB007B838B /* LQPersonInfoViewController.m */,
			);
			path = Controller;
			sourceTree = "<group>";
		};
		FCDF73F71D6C484A007B838B /* Umeng */ = {
			isa = PBXGroup;
			children = (
				FCDF73F81D6C4862007B838B /* UmengUtility.h */,
				FCDF73F91D6C4862007B838B /* UmengUtility.m */,
			);
			path = Umeng;
			sourceTree = "<group>";
		};
		FCE3629D1D66E19300FFFC13 /* UserInterface */ = {
			isa = PBXGroup;
			children = (
				FCDF73C21D6C36AE007B838B /* SearchingModule */,
				FCDF73D31D6C3710007B838B /* PersonInfoModule */,
				FCDF73C31D6C36CB007B838B /* HomePageModule */,
			);
			path = UserInterface;
			sourceTree = "<group>";
		};
		FCE3629E1D66E57D00FFFC13 /* AdapterScreen */ = {
			isa = PBXGroup;
			children = (
				FCE3629F1D66E58E00FFFC13 /* UIView+LwqCGRect.h */,
				FCE362A01D66E58E00FFFC13 /* UIView+LwqCGRect.m */,
			);
			path = AdapterScreen;
			sourceTree = "<group>";
		};
		FCE362A21D66E81B00FFFC13 /* LQCategory */ = {
			isa = PBXGroup;
			children = (
				FCE362AC1D66EBEA00FFFC13 /* LQCategory.h */,
				FCE362A31D66E87500FFFC13 /* NSString+LQAddition.h */,
				FCE362A41D66E87500FFFC13 /* NSString+LQAddition.m */,
				FCE362A61D66E9E600FFFC13 /* UIButton+LQAddition.h */,
				FCE362A71D66E9E600FFFC13 /* UIButton+LQAddition.m */,
				FCE362A91D66EB3500FFFC13 /* UILabel+LQAddition.h */,
				FCE362AA1D66EB3500FFFC13 /* UILabel+LQAddition.m */,
				FCE362AD1D66EDBC00FFFC13 /* NSDate+LQAddition.h */,
				FCE362AE1D66EDBC00FFFC13 /* NSDate+LQAddition.m */,
			);
			path = LQCategory;
			sourceTree = "<group>";
		};
		FCE362B11D66F13800FFFC13 /* ThirdParyLibrary */ = {
			isa = PBXGroup;
			children = (
				FCE362B21D66F17500FFFC13 /* KSRoundCornerCell */,
			);
			path = ThirdParyLibrary;
			sourceTree = "<group>";
		};
		FCE362B21D66F17500FFFC13 /* KSRoundCornerCell */ = {
			isa = PBXGroup;
			children = (
				FCE362B31D66F17500FFFC13 /* KSKRoundCornerCell.h */,
				FCE362B41D66F17500FFFC13 /* KSKRoundCornerCell.m */,
			);
			path = KSRoundCornerCell;
			sourceTree = "<group>";
		};
		FCE362BD1D66F7D400FFFC13 /* SingleInstance */ = {
			isa = PBXGroup;
			children = (
				FCE362BE1D66F80B00FFFC13 /* UserCenter.h */,
				FCE362BF1D66F80B00FFFC13 /* UserCenter.m */,
			);
			name = SingleInstance;
			path = SingleINstance;
			sourceTree = "<group>";
		};
/* End PBXGroup section */

/* Begin PBXNativeTarget section */
		FC51A8EE1D659C8F0004FEAE /* LQBaseProject */ = {
			isa = PBXNativeTarget;
			buildConfigurationList = FC51A91C1D659C8F0004FEAE /* Build configuration list for PBXNativeTarget "LQBaseProject" */;
			buildPhases = (
				1DEA6A5CA9AE9CA1AE394C67 /* Check Pods Manifest.lock */,
				FC51A8EB1D659C8F0004FEAE /* Sources */,
				FC51A8EC1D659C8F0004FEAE /* Frameworks */,
				FC51A8ED1D659C8F0004FEAE /* Resources */,
				2B5CBFE42F0B966F5B33768C /* Embed Pods Frameworks */,
				7C7984179C2A880591073940 /* Copy Pods Resources */,
			);
			buildRules = (
			);
			dependencies = (
			);
			name = LQBaseProject;
			productName = LQBaseProject;
			productReference = FC51A8EF1D659C8F0004FEAE /* LQBaseProject.app */;
			productType = "com.apple.product-type.application";
		};
		FC51A9071D659C8F0004FEAE /* LQBaseProjectTests */ = {
			isa = PBXNativeTarget;
			buildConfigurationList = FC51A91F1D659C8F0004FEAE /* Build configuration list for PBXNativeTarget "LQBaseProjectTests" */;
			buildPhases = (
				FC51A9041D659C8F0004FEAE /* Sources */,
				FC51A9051D659C8F0004FEAE /* Frameworks */,
				FC51A9061D659C8F0004FEAE /* Resources */,
			);
			buildRules = (
			);
			dependencies = (
				FC51A90A1D659C8F0004FEAE /* PBXTargetDependency */,
			);
			name = LQBaseProjectTests;
			productName = LQBaseProjectTests;
			productReference = FC51A9081D659C8F0004FEAE /* LQBaseProjectTests.xctest */;
			productType = "com.apple.product-type.bundle.unit-test";
		};
		FC51A9121D659C8F0004FEAE /* LQBaseProjectUITests */ = {
			isa = PBXNativeTarget;
			buildConfigurationList = FC51A9221D659C8F0004FEAE /* Build configuration list for PBXNativeTarget "LQBaseProjectUITests" */;
			buildPhases = (
				FC51A90F1D659C8F0004FEAE /* Sources */,
				FC51A9101D659C8F0004FEAE /* Frameworks */,
				FC51A9111D659C8F0004FEAE /* Resources */,
			);
			buildRules = (
			);
			dependencies = (
				FC51A9151D659C8F0004FEAE /* PBXTargetDependency */,
			);
			name = LQBaseProjectUITests;
			productName = LQBaseProjectUITests;
			productReference = FC51A9131D659C8F0004FEAE /* LQBaseProjectUITests.xctest */;
			productType = "com.apple.product-type.bundle.ui-testing";
		};
/* End PBXNativeTarget section */

/* Begin PBXProject section */
		FC51A8E71D659C8F0004FEAE /* Project object */ = {
			isa = PBXProject;
			attributes = {
				LastUpgradeCheck = 0730;
				ORGANIZATIONNAME = "刘伟强";
				TargetAttributes = {
					FC51A8EE1D659C8F0004FEAE = {
						CreatedOnToolsVersion = 7.3;
					};
					FC51A9071D659C8F0004FEAE = {
						CreatedOnToolsVersion = 7.3;
						TestTargetID = FC51A8EE1D659C8F0004FEAE;
					};
					FC51A9121D659C8F0004FEAE = {
						CreatedOnToolsVersion = 7.3;
						TestTargetID = FC51A8EE1D659C8F0004FEAE;
					};
				};
			};
			buildConfigurationList = FC51A8EA1D659C8F0004FEAE /* Build configuration list for PBXProject "LQBaseProject" */;
			compatibilityVersion = "Xcode 3.2";
			developmentRegion = English;
			hasScannedForEncodings = 0;
			knownRegions = (
				en,
				Base,
			);
			mainGroup = FC51A8E61D659C8F0004FEAE;
			productRefGroup = FC51A8F01D659C8F0004FEAE /* Products */;
			projectDirPath = "";
			projectRoot = "";
			targets = (
				FC51A8EE1D659C8F0004FEAE /* LQBaseProject */,
				FC51A9071D659C8F0004FEAE /* LQBaseProjectTests */,
				FC51A9121D659C8F0004FEAE /* LQBaseProjectUITests */,
			);
		};
/* End PBXProject section */

/* Begin PBXResourcesBuildPhase section */
		FC51A8ED1D659C8F0004FEAE /* Resources */ = {
			isa = PBXResourcesBuildPhase;
			buildActionMask = 2147483647;
			files = (
				FC51A9021D659C8F0004FEAE /* LaunchScreen.storyboard in Resources */,
				FC51A8FF1D659C8F0004FEAE /* Assets.xcassets in Resources */,
			);
			runOnlyForDeploymentPostprocessing = 0;
		};
		FC51A9061D659C8F0004FEAE /* Resources */ = {
			isa = PBXResourcesBuildPhase;
			buildActionMask = 2147483647;
			files = (
			);
			runOnlyForDeploymentPostprocessing = 0;
		};
		FC51A9111D659C8F0004FEAE /* Resources */ = {
			isa = PBXResourcesBuildPhase;
			buildActionMask = 2147483647;
			files = (
			);
			runOnlyForDeploymentPostprocessing = 0;
		};
/* End PBXResourcesBuildPhase section */

/* Begin PBXShellScriptBuildPhase section */
		1DEA6A5CA9AE9CA1AE394C67 /* Check Pods Manifest.lock */ = {
			isa = PBXShellScriptBuildPhase;
			buildActionMask = 2147483647;
			files = (
			);
			inputPaths = (
			);
			name = "Check Pods Manifest.lock";
			outputPaths = (
			);
			runOnlyForDeploymentPostprocessing = 0;
			shellPath = /bin/sh;
			shellScript = "diff \"${PODS_ROOT}/../Podfile.lock\" \"${PODS_ROOT}/Manifest.lock\" > /dev/null\nif [[ $? != 0 ]] ; then\n    cat << EOM\nerror: The sandbox is not in sync with the Podfile.lock. Run 'pod install' or update your CocoaPods installation.\nEOM\n    exit 1\nfi\n";
			showEnvVarsInLog = 0;
		};
		2B5CBFE42F0B966F5B33768C /* Embed Pods Frameworks */ = {
			isa = PBXShellScriptBuildPhase;
			buildActionMask = 2147483647;
			files = (
			);
			inputPaths = (
			);
			name = "Embed Pods Frameworks";
			outputPaths = (
			);
			runOnlyForDeploymentPostprocessing = 0;
			shellPath = /bin/sh;
			shellScript = "\"${SRCROOT}/Pods/Target Support Files/Pods-LQBaseProject/Pods-LQBaseProject-frameworks.sh\"\n";
			showEnvVarsInLog = 0;
		};
		7C7984179C2A880591073940 /* Copy Pods Resources */ = {
			isa = PBXShellScriptBuildPhase;
			buildActionMask = 2147483647;
			files = (
			);
			inputPaths = (
			);
			name = "Copy Pods Resources";
			outputPaths = (
			);
			runOnlyForDeploymentPostprocessing = 0;
			shellPath = /bin/sh;
			shellScript = "\"${SRCROOT}/Pods/Target Support Files/Pods-LQBaseProject/Pods-LQBaseProject-resources.sh\"\n";
			showEnvVarsInLog = 0;
		};
/* End PBXShellScriptBuildPhase section */

/* Begin PBXSourcesBuildPhase section */
		FC51A8EB1D659C8F0004FEAE /* Sources */ = {
			isa = PBXSourcesBuildPhase;
			buildActionMask = 2147483647;
			files = (
				FCE362AF1D66EDBC00FFFC13 /* NSDate+LQAddition.m in Sources */,
				FCDF73D01D6C36DE007B838B /* LQSexyWomanListViewController.m in Sources */,
				FCDF73F61D6C44FB007B838B /* LQPersonInfoViewController.m in Sources */,
				FCE362AB1D66EB3500FFFC13 /* UILabel+LQAddition.m in Sources */,
				FCE362A51D66E87500FFFC13 /* NSString+LQAddition.m in Sources */,
				FCE362C01D66F80B00FFFC13 /* UserCenter.m in Sources */,
				FCDF73D21D6C36DE007B838B /* LQImageListCollectionViewCell.m in Sources */,
				FCE362B51D66F17500FFFC13 /* KSKRoundCornerCell.m in Sources */,
				FCDF73D81D6C3E8D007B838B /* LQFullscreenImageViewController.m in Sources */,
				FC51A9341D659CA10004FEAE /* BaseViewController.m in Sources */,
				FC51A9311D659CA10004FEAE /* BaseNavigationViewController.m in Sources */,
				FC51A9331D659CA10004FEAE /* BaseView.m in Sources */,
				FCDF73EA1D6C44A8007B838B /* LQSearchingViewController.m in Sources */,
				FC51A8F71D659C8F0004FEAE /* AppDelegate.m in Sources */,
				FCE362A81D66E9E600FFFC13 /* UIButton+LQAddition.m in Sources */,
				FCDF73D11D6C36DE007B838B /* LQCustomCollectionViewLayout.m in Sources */,
				FC51A9321D659CA10004FEAE /* BaseTabBarViewController.m in Sources */,
				FC51A9301D659CA10004FEAE /* BaseModel.m in Sources */,
				FC2343B41D66D91000ADB748 /* LQNetworkingRequest.m in Sources */,
				FCDF73FA1D6C4862007B838B /* UmengUtility.m in Sources */,
				FCDF73CF1D6C36DE007B838B /* LQSexyWomanListModel.m in Sources */,
				FC51A8F41D659C8F0004FEAE /* main.m in Sources */,
				FCE362A11D66E58E00FFFC13 /* UIView+LwqCGRect.m in Sources */,
			);
			runOnlyForDeploymentPostprocessing = 0;
		};
		FC51A9041D659C8F0004FEAE /* Sources */ = {
			isa = PBXSourcesBuildPhase;
			buildActionMask = 2147483647;
			files = (
				FC51A90D1D659C8F0004FEAE /* LQBaseProjectTests.m in Sources */,
			);
			runOnlyForDeploymentPostprocessing = 0;
		};
		FC51A90F1D659C8F0004FEAE /* Sources */ = {
			isa = PBXSourcesBuildPhase;
			buildActionMask = 2147483647;
			files = (
				FC51A9181D659C8F0004FEAE /* LQBaseProjectUITests.m in Sources */,
			);
			runOnlyForDeploymentPostprocessing = 0;
		};
/* End PBXSourcesBuildPhase section */

/* Begin PBXTargetDependency section */
		FC51A90A1D659C8F0004FEAE /* PBXTargetDependency */ = {
			isa = PBXTargetDependency;
			target = FC51A8EE1D659C8F0004FEAE /* LQBaseProject */;
			targetProxy = FC51A9091D659C8F0004FEAE /* PBXContainerItemProxy */;
		};
		FC51A9151D659C8F0004FEAE /* PBXTargetDependency */ = {
			isa = PBXTargetDependency;
			target = FC51A8EE1D659C8F0004FEAE /* LQBaseProject */;
			targetProxy = FC51A9141D659C8F0004FEAE /* PBXContainerItemProxy */;
		};
/* End PBXTargetDependency section */

/* Begin PBXVariantGroup section */
		FC51A9001D659C8F0004FEAE /* LaunchScreen.storyboard */ = {
			isa = PBXVariantGroup;
			children = (
				FC51A9011D659C8F0004FEAE /* Base */,
			);
			name = LaunchScreen.storyboard;
			sourceTree = "<group>";
		};
/* End PBXVariantGroup section */

/* Begin XCBuildConfiguration section */
		FC51A91A1D659C8F0004FEAE /* Debug */ = {
			isa = XCBuildConfiguration;
			buildSettings = {
				ALWAYS_SEARCH_USER_PATHS = NO;
				CLANG_ANALYZER_NONNULL = YES;
				CLANG_CXX_LANGUAGE_STANDARD = "gnu++0x";
				CLANG_CXX_LIBRARY = "libc++";
				CLANG_ENABLE_MODULES = YES;
				CLANG_ENABLE_OBJC_ARC = YES;
				CLANG_WARN_BOOL_CONVERSION = YES;
				CLANG_WARN_CONSTANT_CONVERSION = YES;
				CLANG_WARN_DIRECT_OBJC_ISA_USAGE = YES_ERROR;
				CLANG_WARN_EMPTY_BODY = YES;
				CLANG_WARN_ENUM_CONVERSION = YES;
				CLANG_WARN_INT_CONVERSION = YES;
				CLANG_WARN_OBJC_ROOT_CLASS = YES_ERROR;
				CLANG_WARN_UNREACHABLE_CODE = YES;
				CLANG_WARN__DUPLICATE_METHOD_MATCH = YES;
				"CODE_SIGN_IDENTITY[sdk=iphoneos*]" = "iPhone Developer";
				COPY_PHASE_STRIP = NO;
				DEBUG_INFORMATION_FORMAT = dwarf;
				ENABLE_STRICT_OBJC_MSGSEND = YES;
				ENABLE_TESTABILITY = YES;
				GCC_C_LANGUAGE_STANDARD = gnu99;
				GCC_DYNAMIC_NO_PIC = NO;
				GCC_NO_COMMON_BLOCKS = YES;
				GCC_OPTIMIZATION_LEVEL = 0;
				GCC_PREPROCESSOR_DEFINITIONS = (
					"DEBUG=1",
					"$(inherited)",
				);
				GCC_WARN_64_TO_32_BIT_CONVERSION = YES;
				GCC_WARN_ABOUT_RETURN_TYPE = YES_ERROR;
				GCC_WARN_UNDECLARED_SELECTOR = YES;
				GCC_WARN_UNINITIALIZED_AUTOS = YES_AGGRESSIVE;
				GCC_WARN_UNUSED_FUNCTION = YES;
				GCC_WARN_UNUSED_VARIABLE = YES;
				IPHONEOS_DEPLOYMENT_TARGET = 8.2;
				MTL_ENABLE_DEBUG_INFO = YES;
				ONLY_ACTIVE_ARCH = YES;
				SDKROOT = iphoneos;
				TARGETED_DEVICE_FAMILY = "1,2";
			};
			name = Debug;
		};
		FC51A91B1D659C8F0004FEAE /* Release */ = {
			isa = XCBuildConfiguration;
			buildSettings = {
				ALWAYS_SEARCH_USER_PATHS = NO;
				CLANG_ANALYZER_NONNULL = YES;
				CLANG_CXX_LANGUAGE_STANDARD = "gnu++0x";
				CLANG_CXX_LIBRARY = "libc++";
				CLANG_ENABLE_MODULES = YES;
				CLANG_ENABLE_OBJC_ARC = YES;
				CLANG_WARN_BOOL_CONVERSION = YES;
				CLANG_WARN_CONSTANT_CONVERSION = YES;
				CLANG_WARN_DIRECT_OBJC_ISA_USAGE = YES_ERROR;
				CLANG_WARN_EMPTY_BODY = YES;
				CLANG_WARN_ENUM_CONVERSION = YES;
				CLANG_WARN_INT_CONVERSION = YES;
				CLANG_WARN_OBJC_ROOT_CLASS = YES_ERROR;
				CLANG_WARN_UNREACHABLE_CODE = YES;
				CLANG_WARN__DUPLICATE_METHOD_MATCH = YES;
				"CODE_SIGN_IDENTITY[sdk=iphoneos*]" = "iPhone Developer";
				COPY_PHASE_STRIP = NO;
				DEBUG_INFORMATION_FORMAT = "dwarf-with-dsym";
				ENABLE_NS_ASSERTIONS = NO;
				ENABLE_STRICT_OBJC_MSGSEND = YES;
				GCC_C_LANGUAGE_STANDARD = gnu99;
				GCC_NO_COMMON_BLOCKS = YES;
				GCC_WARN_64_TO_32_BIT_CONVERSION = YES;
				GCC_WARN_ABOUT_RETURN_TYPE = YES_ERROR;
				GCC_WARN_UNDECLARED_SELECTOR = YES;
				GCC_WARN_UNINITIALIZED_AUTOS = YES_AGGRESSIVE;
				GCC_WARN_UNUSED_FUNCTION = YES;
				GCC_WARN_UNUSED_VARIABLE = YES;
				IPHONEOS_DEPLOYMENT_TARGET = 8.2;
				MTL_ENABLE_DEBUG_INFO = NO;
				SDKROOT = iphoneos;
				TARGETED_DEVICE_FAMILY = "1,2";
				VALIDATE_PRODUCT = YES;
			};
			name = Release;
		};
		FC51A91D1D659C8F0004FEAE /* Debug */ = {
			isa = XCBuildConfiguration;
			baseConfigurationReference = 99518C0F04B59A9CC10FCBB9 /* Pods-LQBaseProject.debug.xcconfig */;
			buildSettings = {
				ASSETCATALOG_COMPILER_APPICON_NAME = AppIcon;
				ENABLE_BITCODE = NO;
				INFOPLIST_FILE = LQBaseProject/Info.plist;
				IPHONEOS_DEPLOYMENT_TARGET = 8.2;
				LD_RUNPATH_SEARCH_PATHS = "$(inherited) @executable_path/Frameworks";
				PRODUCT_BUNDLE_IDENTIFIER = com.Oarcleen.LQBaseProject;
				PRODUCT_NAME = "$(TARGET_NAME)";
				TARGETED_DEVICE_FAMILY = "1,2";
			};
			name = Debug;
		};
		FC51A91E1D659C8F0004FEAE /* Release */ = {
			isa = XCBuildConfiguration;
			baseConfigurationReference = 2D6770FB7C6140271D6EBA97 /* Pods-LQBaseProject.release.xcconfig */;
			buildSettings = {
				ASSETCATALOG_COMPILER_APPICON_NAME = AppIcon;
				ENABLE_BITCODE = NO;
				INFOPLIST_FILE = LQBaseProject/Info.plist;
				IPHONEOS_DEPLOYMENT_TARGET = 8.2;
				LD_RUNPATH_SEARCH_PATHS = "$(inherited) @executable_path/Frameworks";
				PRODUCT_BUNDLE_IDENTIFIER = com.Oarcleen.LQBaseProject;
				PRODUCT_NAME = "$(TARGET_NAME)";
				TARGETED_DEVICE_FAMILY = "1,2";
			};
			name = Release;
		};
		FC51A9201D659C8F0004FEAE /* Debug */ = {
			isa = XCBuildConfiguration;
			buildSettings = {
				BUNDLE_LOADER = "$(TEST_HOST)";
				INFOPLIST_FILE = LQBaseProjectTests/Info.plist;
				LD_RUNPATH_SEARCH_PATHS = "$(inherited) @executable_path/Frameworks @loader_path/Frameworks";
				PRODUCT_BUNDLE_IDENTIFIER = com.Oarcleen.LQBaseProjectTests;
				PRODUCT_NAME = "$(TARGET_NAME)";
				TEST_HOST = "$(BUILT_PRODUCTS_DIR)/LQBaseProject.app/LQBaseProject";
			};
			name = Debug;
		};
		FC51A9211D659C8F0004FEAE /* Release */ = {
			isa = XCBuildConfiguration;
			buildSettings = {
				BUNDLE_LOADER = "$(TEST_HOST)";
				INFOPLIST_FILE = LQBaseProjectTests/Info.plist;
				LD_RUNPATH_SEARCH_PATHS = "$(inherited) @executable_path/Frameworks @loader_path/Frameworks";
				PRODUCT_BUNDLE_IDENTIFIER = com.Oarcleen.LQBaseProjectTests;
				PRODUCT_NAME = "$(TARGET_NAME)";
				TEST_HOST = "$(BUILT_PRODUCTS_DIR)/LQBaseProject.app/LQBaseProject";
			};
			name = Release;
		};
		FC51A9231D659C8F0004FEAE /* Debug */ = {
			isa = XCBuildConfiguration;
			buildSettings = {
				INFOPLIST_FILE = LQBaseProjectUITests/Info.plist;
				LD_RUNPATH_SEARCH_PATHS = "$(inherited) @executable_path/Frameworks @loader_path/Frameworks";
				PRODUCT_BUNDLE_IDENTIFIER = com.Oarcleen.LQBaseProjectUITests;
				PRODUCT_NAME = "$(TARGET_NAME)";
				TEST_TARGET_NAME = LQBaseProject;
			};
			name = Debug;
		};
		FC51A9241D659C8F0004FEAE /* Release */ = {
			isa = XCBuildConfiguration;
			buildSettings = {
				INFOPLIST_FILE = LQBaseProjectUITests/Info.plist;
				LD_RUNPATH_SEARCH_PATHS = "$(inherited) @executable_path/Frameworks @loader_path/Frameworks";
				PRODUCT_BUNDLE_IDENTIFIER = com.Oarcleen.LQBaseProjectUITests;
				PRODUCT_NAME = "$(TARGET_NAME)";
				TEST_TARGET_NAME = LQBaseProject;
			};
			name = Release;
		};
/* End XCBuildConfiguration section */

/* Begin XCConfigurationList section */
		FC51A8EA1D659C8F0004FEAE /* Build configuration list for PBXProject "LQBaseProject" */ = {
			isa = XCConfigurationList;
			buildConfigurations = (
				FC51A91A1D659C8F0004FEAE /* Debug */,
				FC51A91B1D659C8F0004FEAE /* Release */,
			);
			defaultConfigurationIsVisible = 0;
			defaultConfigurationName = Release;
		};
		FC51A91C1D659C8F0004FEAE /* Build configuration list for PBXNativeTarget "LQBaseProject" */ = {
			isa = XCConfigurationList;
			buildConfigurations = (
				FC51A91D1D659C8F0004FEAE /* Debug */,
				FC51A91E1D659C8F0004FEAE /* Release */,
			);
			defaultConfigurationIsVisible = 0;
			defaultConfigurationName = Release;
		};
		FC51A91F1D659C8F0004FEAE /* Build configuration list for PBXNativeTarget "LQBaseProjectTests" */ = {
			isa = XCConfigurationList;
			buildConfigurations = (
				FC51A9201D659C8F0004FEAE /* Debug */,
				FC51A9211D659C8F0004FEAE /* Release */,
			);
			defaultConfigurationIsVisible = 0;
			defaultConfigurationName = Release;
		};
		FC51A9221D659C8F0004FEAE /* Build configuration list for PBXNativeTarget "LQBaseProjectUITests" */ = {
			isa = XCConfigurationList;
			buildConfigurations = (
				FC51A9231D659C8F0004FEAE /* Debug */,
				FC51A9241D659C8F0004FEAE /* Release */,
			);
			defaultConfigurationIsVisible = 0;
			defaultConfigurationName = Release;
		};
/* End XCConfigurationList section */
	};
	rootObject = FC51A8E71D659C8F0004FEAE /* Project object */;
}
