// !$*UTF8*$!
{
	archiveVersion = 1;
	classes = {
	};
	objectVersion = 46;
	objects = {

/* Begin PBXBuildFile section */
		AC11D335A77D4F015DBA17E3 /* libPods-LQBaseProject.a in Frameworks */ = {isa = PBXBuildFile; fileRef = 076D1BC3E18AD589441F084E /* libPods-LQBaseProject.a */; };
		FC2343B41D66D91000ADB748 /* LQNetworkingRequest.m in Sources */ = {isa = PBXBuildFile; fileRef = FC2343B31D66D91000ADB748 /* LQNetworkingRequest.m */; };
		FC4E0A501D938DF700E9FE2B /* LQStoreValue.m in Sources */ = {isa = PBXBuildFile; fileRef = FC4E0A4D1D938DF700E9FE2B /* LQStoreValue.m */; };
		FC4E0A511D938DF700E9FE2B /* FastCoder.m in Sources */ = {isa = PBXBuildFile; fileRef = FC4E0A4E1D938DF700E9FE2B /* FastCoder.m */; };
		FC4E0A541D938F2C00E9FE2B /* NSObject+StareValeu.m in Sources */ = {isa = PBXBuildFile; fileRef = FC4E0A531D938F2C00E9FE2B /* NSObject+StareValeu.m */; };
		FC51A8F41D659C8F0004FEAE /* main.m in Sources */ = {isa = PBXBuildFile; fileRef = FC51A8F31D659C8F0004FEAE /* main.m */; };
		FC51A8F71D659C8F0004FEAE /* AppDelegate.m in Sources */ = {isa = PBXBuildFile; fileRef = FC51A8F61D659C8F0004FEAE /* AppDelegate.m */; };
		FC51A8FF1D659C8F0004FEAE /* Assets.xcassets in Resources */ = {isa = PBXBuildFile; fileRef = FC51A8FE1D659C8F0004FEAE /* Assets.xcassets */; };
		FC51A9021D659C8F0004FEAE /* LaunchScreen.storyboard in Resources */ = {isa = PBXBuildFile; fileRef = FC51A9001D659C8F0004FEAE /* LaunchScreen.storyboard */; };
		FC51A90D1D659C8F0004FEAE /* LQBaseProjectTests.m in Sources */ = {isa = PBXBuildFile; fileRef = FC51A90C1D659C8F0004FEAE /* LQBaseProjectTests.m */; };
		FC51A9181D659C8F0004FEAE /* LQBaseProjectUITests.m in Sources */ = {isa = PBXBuildFile; fileRef = FC51A9171D659C8F0004FEAE /* LQBaseProjectUITests.m */; };
		FC51A9301D659CA10004FEAE /* BaseModel.m in Sources */ = {isa = PBXBuildFile; fileRef = FC51A9271D659CA10004FEAE /* BaseModel.m */; };
		FC51A9311D659CA10004FEAE /* BaseNavigationViewController.m in Sources */ = {isa = PBXBuildFile; fileRef = FC51A9291D659CA10004FEAE /* BaseNavigationViewController.m */; };
		FC51A9321D659CA10004FEAE /* BaseTabBarViewController.m in Sources */ = {isa = PBXBuildFile; fileRef = FC51A92B1D659CA10004FEAE /* BaseTabBarViewController.m */; };
		FC51A9331D659CA10004FEAE /* BaseView.m in Sources */ = {isa = PBXBuildFile; fileRef = FC51A92D1D659CA10004FEAE /* BaseView.m */; };
		FC51A9341D659CA10004FEAE /* BaseViewController.m in Sources */ = {isa = PBXBuildFile; fileRef = FC51A92F1D659CA10004FEAE /* BaseViewController.m */; };
		FC59C1691D9A367300762D78 /* LQCGContextRefViewController.m in Sources */ = {isa = PBXBuildFile; fileRef = FC59C1681D9A367300762D78 /* LQCGContextRefViewController.m */; };
		FC59C16C1D9A36CA00762D78 /* LQCGContextReftVIew.m in Sources */ = {isa = PBXBuildFile; fileRef = FC59C16B1D9A36CA00762D78 /* LQCGContextReftVIew.m */; };
		FC5BA1201D768B4000284C2E /* LQMultithreading_GCDViewController.m in Sources */ = {isa = PBXBuildFile; fileRef = FC5BA10A1D768B4000284C2E /* LQMultithreading_GCDViewController.m */; };
		FC5BA1211D768B4000284C2E /* LQMultithreading_NSOperationViewController.m in Sources */ = {isa = PBXBuildFile; fileRef = FC5BA10C1D768B4000284C2E /* LQMultithreading_NSOperationViewController.m */; };
		FC5BA1221D768B4000284C2E /* LQMultithreading_NSThreadViewController.m in Sources */ = {isa = PBXBuildFile; fileRef = FC5BA10E1D768B4000284C2E /* LQMultithreading_NSThreadViewController.m */; };
		FC5BA1231D768B4000284C2E /* LQImageData.m in Sources */ = {isa = PBXBuildFile; fileRef = FC5BA1111D768B4000284C2E /* LQImageData.m */; };
		FC5BA1241D768B4000284C2E /* LQFunctionViewController.m in Sources */ = {isa = PBXBuildFile; fileRef = FC5BA1141D768B4000284C2E /* LQFunctionViewController.m */; };
		FC5BA1261D768B4000284C2E /* LQCountViewController.m in Sources */ = {isa = PBXBuildFile; fileRef = FC5BA11A1D768B4000284C2E /* LQCountViewController.m */; };
		FC5BA1271D768B4000284C2E /* LQFullViewController.m in Sources */ = {isa = PBXBuildFile; fileRef = FC5BA11D1D768B4000284C2E /* LQFullViewController.m */; };
		FC5BA1281D768B4000284C2E /* LQScreenViewController.m in Sources */ = {isa = PBXBuildFile; fileRef = FC5BA11F1D768B4000284C2E /* LQScreenViewController.m */; };
		FC5BA12E1D768BAC00284C2E /* LQRunTimeViewController.m in Sources */ = {isa = PBXBuildFile; fileRef = FC5BA12D1D768BAC00284C2E /* LQRunTimeViewController.m */; };
		FC66EB9D1D9CB8F1007BDE3A /* LQFactoryMethodViewController.m in Sources */ = {isa = PBXBuildFile; fileRef = FC66EB9C1D9CB8F1007BDE3A /* LQFactoryMethodViewController.m */; };
		FC7541411D81534C00AC12F5 /* LQObjectViewController.m in Sources */ = {isa = PBXBuildFile; fileRef = FC7541401D81534C00AC12F5 /* LQObjectViewController.m */; };
		FC7541441D81553D00AC12F5 /* LQCatModel.m in Sources */ = {isa = PBXBuildFile; fileRef = FC7541431D81553D00AC12F5 /* LQCatModel.m */; };
		FC7541471D8157C200AC12F5 /* LQDogModel.m in Sources */ = {isa = PBXBuildFile; fileRef = FC7541461D8157C200AC12F5 /* LQDogModel.m */; };
		FC75414A1D8158F800AC12F5 /* LQAnimalModel.m in Sources */ = {isa = PBXBuildFile; fileRef = FC7541491D8158F800AC12F5 /* LQAnimalModel.m */; };
		FC75414D1D815FBC00AC12F5 /* LQSheepModel.m in Sources */ = {isa = PBXBuildFile; fileRef = FC75414C1D815FBC00AC12F5 /* LQSheepModel.m */; };
		FC7541511D816E3500AC12F5 /* LQChangeDogModel.m in Sources */ = {isa = PBXBuildFile; fileRef = FC7541501D816E3500AC12F5 /* LQChangeDogModel.m */; };
		FC78DBF61D78175A008C1EF6 /* LQKVOModel.m in Sources */ = {isa = PBXBuildFile; fileRef = FC78DBF51D78175A008C1EF6 /* LQKVOModel.m */; };
		FC78DBFA1D7817B3008C1EF6 /* LQKVOViewController.m in Sources */ = {isa = PBXBuildFile; fileRef = FC78DBF81D7817B3008C1EF6 /* LQKVOViewController.m */; };
		FC79E58E1D7EACF700FE9F66 /* UIImage+LogImageName.m in Sources */ = {isa = PBXBuildFile; fileRef = FC79E58D1D7EACF700FE9F66 /* UIImage+LogImageName.m */; };
		FC79E5911D7EB0BA00FE9F66 /* LQPerson.m in Sources */ = {isa = PBXBuildFile; fileRef = FC79E5901D7EB0BA00FE9F66 /* LQPerson.m */; };
		FC79E5941D7EB4E600FE9F66 /* LQPerson+nameProperty.m in Sources */ = {isa = PBXBuildFile; fileRef = FC79E5931D7EB4E600FE9F66 /* LQPerson+nameProperty.m */; };
		FC79E5971D7EB77A00FE9F66 /* NSObject+model.m in Sources */ = {isa = PBXBuildFile; fileRef = FC79E5961D7EB77A00FE9F66 /* NSObject+model.m */; };
		FC91CDFB1D912D600059581B /* LQKVC_KVOViewController.m in Sources */ = {isa = PBXBuildFile; fileRef = FC91CDFA1D912D600059581B /* LQKVC_KVOViewController.m */; };
		FC91CDFE1D912D830059581B /* LQPeopleModel.m in Sources */ = {isa = PBXBuildFile; fileRef = FC91CDFD1D912D830059581B /* LQPeopleModel.m */; };
		FCAE48F71D79597000A308C5 /* LQlgorithmViewController.m in Sources */ = {isa = PBXBuildFile; fileRef = FCAE48F61D79597000A308C5 /* LQlgorithmViewController.m */; };
		FCBB0B2B1D9E04D400B4ABAE /* LQRACMainViewController.m in Sources */ = {isa = PBXBuildFile; fileRef = FCBB0B2A1D9E04D400B4ABAE /* LQRACMainViewController.m */; };
		FCBB0B2E1D9E0CE500B4ABAE /* LQRACNotificationViewController.m in Sources */ = {isa = PBXBuildFile; fileRef = FCBB0B2D1D9E0CE500B4ABAE /* LQRACNotificationViewController.m */; };
		FCBB0B331D9E0F4F00B4ABAE /* LQRACModel.m in Sources */ = {isa = PBXBuildFile; fileRef = FCBB0B321D9E0F4F00B4ABAE /* LQRACModel.m */; };
		FCBB0B3A1D9E137800B4ABAE /* LQGoodsModel.m in Sources */ = {isa = PBXBuildFile; fileRef = FCBB0B391D9E137800B4ABAE /* LQGoodsModel.m */; };
		FCBB0B3D1D9E13B300B4ABAE /* LQGoodsViewModel.m in Sources */ = {isa = PBXBuildFile; fileRef = FCBB0B3C1D9E13B300B4ABAE /* LQGoodsViewModel.m */; };
		FCBB0B401D9E13D700B4ABAE /* LQGoodsViewController.m in Sources */ = {isa = PBXBuildFile; fileRef = FCBB0B3F1D9E13D700B4ABAE /* LQGoodsViewController.m */; };
		FCBEF39A1D9BA78C005BD7D0 /* LQGetLableHeightViewController.m in Sources */ = {isa = PBXBuildFile; fileRef = FCBEF3991D9BA78C005BD7D0 /* LQGetLableHeightViewController.m */; };
		FCD06B351DA8E45200578D99 /* UITextField+LQAddition.m in Sources */ = {isa = PBXBuildFile; fileRef = FCD06B341DA8E45200578D99 /* UITextField+LQAddition.m */; };
		FCD1BDE91D99024500B49103 /* LQInitLlizeViewModel.m in Sources */ = {isa = PBXBuildFile; fileRef = FCD1BDE81D99024500B49103 /* LQInitLlizeViewModel.m */; };
		FCD1BDEC1D9920F500B49103 /* LQCanJumpPeople.m in Sources */ = {isa = PBXBuildFile; fileRef = FCD1BDEB1D9920F500B49103 /* LQCanJumpPeople.m */; };
		FCDF73CF1D6C36DE007B838B /* LQSexyWomanListModel.m in Sources */ = {isa = PBXBuildFile; fileRef = FCDF73C61D6C36DE007B838B /* LQSexyWomanListModel.m */; };
		FCDF73D01D6C36DE007B838B /* LQSexyWomanListViewController.m in Sources */ = {isa = PBXBuildFile; fileRef = FCDF73C91D6C36DE007B838B /* LQSexyWomanListViewController.m */; };
		FCDF73D11D6C36DE007B838B /* LQCustomCollectionViewLayout.m in Sources */ = {isa = PBXBuildFile; fileRef = FCDF73CC1D6C36DE007B838B /* LQCustomCollectionViewLayout.m */; };
		FCDF73D21D6C36DE007B838B /* LQImageListCollectionViewCell.m in Sources */ = {isa = PBXBuildFile; fileRef = FCDF73CE1D6C36DE007B838B /* LQImageListCollectionViewCell.m */; };
		FCDF73D81D6C3E8D007B838B /* LQFullscreenImageViewController.m in Sources */ = {isa = PBXBuildFile; fileRef = FCDF73D71D6C3E8D007B838B /* LQFullscreenImageViewController.m */; };
		FCDF73EA1D6C44A8007B838B /* LQSearchingViewController.m in Sources */ = {isa = PBXBuildFile; fileRef = FCDF73E91D6C44A8007B838B /* LQSearchingViewController.m */; };
		FCDF73FA1D6C4862007B838B /* UmengUtility.m in Sources */ = {isa = PBXBuildFile; fileRef = FCDF73F91D6C4862007B838B /* UmengUtility.m */; };
		FCE362A11D66E58E00FFFC13 /* UIView+LwqCGRect.m in Sources */ = {isa = PBXBuildFile; fileRef = FCE362A01D66E58E00FFFC13 /* UIView+LwqCGRect.m */; };
		FCE362A51D66E87500FFFC13 /* NSString+LQAddition.m in Sources */ = {isa = PBXBuildFile; fileRef = FCE362A41D66E87500FFFC13 /* NSString+LQAddition.m */; };
		FCE362A81D66E9E600FFFC13 /* UIButton+LQAddition.m in Sources */ = {isa = PBXBuildFile; fileRef = FCE362A71D66E9E600FFFC13 /* UIButton+LQAddition.m */; };
		FCE362AB1D66EB3500FFFC13 /* UILabel+LQAddition.m in Sources */ = {isa = PBXBuildFile; fileRef = FCE362AA1D66EB3500FFFC13 /* UILabel+LQAddition.m */; };
		FCE362AF1D66EDBC00FFFC13 /* NSDate+LQAddition.m in Sources */ = {isa = PBXBuildFile; fileRef = FCE362AE1D66EDBC00FFFC13 /* NSDate+LQAddition.m */; };
		FCE362B51D66F17500FFFC13 /* KSKRoundCornerCell.m in Sources */ = {isa = PBXBuildFile; fileRef = FCE362B41D66F17500FFFC13 /* KSKRoundCornerCell.m */; };
		FCE362C01D66F80B00FFFC13 /* UserCenter.m in Sources */ = {isa = PBXBuildFile; fileRef = FCE362BF1D66F80B00FFFC13 /* UserCenter.m */; };
/* End PBXBuildFile section */

/* Begin PBXContainerItemProxy section */
		FC51A9091D659C8F0004FEAE /* PBXContainerItemProxy */ = {
			isa = PBXContainerItemProxy;
			containerPortal = FC51A8E71D659C8F0004FEAE /* Project object */;
			proxyType = 1;
			remoteGlobalIDString = FC51A8EE1D659C8F0004FEAE;
			remoteInfo = LQBaseProject;
		};
		FC51A9141D659C8F0004FEAE /* PBXContainerItemProxy */ = {
			isa = PBXContainerItemProxy;
			containerPortal = FC51A8E71D659C8F0004FEAE /* Project object */;
			proxyType = 1;
			remoteGlobalIDString = FC51A8EE1D659C8F0004FEAE;
			remoteInfo = LQBaseProject;
		};
/* End PBXContainerItemProxy section */

/* Begin PBXFileReference section */
		076D1BC3E18AD589441F084E /* libPods-LQBaseProject.a */ = {isa = PBXFileReference; explicitFileType = archive.ar; includeInIndex = 0; path = "libPods-LQBaseProject.a"; sourceTree = BUILT_PRODUCTS_DIR; };
		2D6770FB7C6140271D6EBA97 /* Pods-LQBaseProject.release.xcconfig */ = {isa = PBXFileReference; includeInIndex = 1; lastKnownFileType = text.xcconfig; name = "Pods-LQBaseProject.release.xcconfig"; path = "Pods/Target Support Files/Pods-LQBaseProject/Pods-LQBaseProject.release.xcconfig"; sourceTree = "<group>"; };
		99518C0F04B59A9CC10FCBB9 /* Pods-LQBaseProject.debug.xcconfig */ = {isa = PBXFileReference; includeInIndex = 1; lastKnownFileType = text.xcconfig; name = "Pods-LQBaseProject.debug.xcconfig"; path = "Pods/Target Support Files/Pods-LQBaseProject/Pods-LQBaseProject.debug.xcconfig"; sourceTree = "<group>"; };
		FC2343B21D66D91000ADB748 /* LQNetworkingRequest.h */ = {isa = PBXFileReference; fileEncoding = 4; lastKnownFileType = sourcecode.c.h; path = LQNetworkingRequest.h; sourceTree = "<group>"; };
		FC2343B31D66D91000ADB748 /* LQNetworkingRequest.m */ = {isa = PBXFileReference; fileEncoding = 4; lastKnownFileType = sourcecode.c.objc; path = LQNetworkingRequest.m; sourceTree = "<group>"; };
		FC4E0A4C1D938DF700E9FE2B /* LQStoreValue.h */ = {isa = PBXFileReference; fileEncoding = 4; lastKnownFileType = sourcecode.c.h; path = LQStoreValue.h; sourceTree = "<group>"; };
		FC4E0A4D1D938DF700E9FE2B /* LQStoreValue.m */ = {isa = PBXFileReference; fileEncoding = 4; lastKnownFileType = sourcecode.c.objc; path = LQStoreValue.m; sourceTree = "<group>"; };
		FC4E0A4E1D938DF700E9FE2B /* FastCoder.m */ = {isa = PBXFileReference; fileEncoding = 4; lastKnownFileType = sourcecode.c.objc; path = FastCoder.m; sourceTree = "<group>"; };
		FC4E0A4F1D938DF700E9FE2B /* FastCoder.h */ = {isa = PBXFileReference; fileEncoding = 4; lastKnownFileType = sourcecode.c.h; path = FastCoder.h; sourceTree = "<group>"; };
		FC4E0A521D938F2C00E9FE2B /* NSObject+StareValeu.h */ = {isa = PBXFileReference; fileEncoding = 4; lastKnownFileType = sourcecode.c.h; path = "NSObject+StareValeu.h"; sourceTree = "<group>"; };
		FC4E0A531D938F2C00E9FE2B /* NSObject+StareValeu.m */ = {isa = PBXFileReference; fileEncoding = 4; lastKnownFileType = sourcecode.c.objc; path = "NSObject+StareValeu.m"; sourceTree = "<group>"; };
		FC51A8EF1D659C8F0004FEAE /* LQBaseProject.app */ = {isa = PBXFileReference; explicitFileType = wrapper.application; includeInIndex = 0; path = LQBaseProject.app; sourceTree = BUILT_PRODUCTS_DIR; };
		FC51A8F31D659C8F0004FEAE /* main.m */ = {isa = PBXFileReference; lastKnownFileType = sourcecode.c.objc; path = main.m; sourceTree = "<group>"; };
		FC51A8F51D659C8F0004FEAE /* AppDelegate.h */ = {isa = PBXFileReference; lastKnownFileType = sourcecode.c.h; path = AppDelegate.h; sourceTree = "<group>"; };
		FC51A8F61D659C8F0004FEAE /* AppDelegate.m */ = {isa = PBXFileReference; lastKnownFileType = sourcecode.c.objc; path = AppDelegate.m; sourceTree = "<group>"; };
		FC51A8FE1D659C8F0004FEAE /* Assets.xcassets */ = {isa = PBXFileReference; lastKnownFileType = folder.assetcatalog; path = Assets.xcassets; sourceTree = "<group>"; };
		FC51A9011D659C8F0004FEAE /* Base */ = {isa = PBXFileReference; lastKnownFileType = file.storyboard; name = Base; path = Base.lproj/LaunchScreen.storyboard; sourceTree = "<group>"; };
		FC51A9031D659C8F0004FEAE /* Info.plist */ = {isa = PBXFileReference; lastKnownFileType = text.plist.xml; path = Info.plist; sourceTree = "<group>"; };
		FC51A9081D659C8F0004FEAE /* LQBaseProjectTests.xctest */ = {isa = PBXFileReference; explicitFileType = wrapper.cfbundle; includeInIndex = 0; path = LQBaseProjectTests.xctest; sourceTree = BUILT_PRODUCTS_DIR; };
		FC51A90C1D659C8F0004FEAE /* LQBaseProjectTests.m */ = {isa = PBXFileReference; lastKnownFileType = sourcecode.c.objc; path = LQBaseProjectTests.m; sourceTree = "<group>"; };
		FC51A90E1D659C8F0004FEAE /* Info.plist */ = {isa = PBXFileReference; lastKnownFileType = text.plist.xml; path = Info.plist; sourceTree = "<group>"; };
		FC51A9131D659C8F0004FEAE /* LQBaseProjectUITests.xctest */ = {isa = PBXFileReference; explicitFileType = wrapper.cfbundle; includeInIndex = 0; path = LQBaseProjectUITests.xctest; sourceTree = BUILT_PRODUCTS_DIR; };
		FC51A9171D659C8F0004FEAE /* LQBaseProjectUITests.m */ = {isa = PBXFileReference; lastKnownFileType = sourcecode.c.objc; path = LQBaseProjectUITests.m; sourceTree = "<group>"; };
		FC51A9191D659C8F0004FEAE /* Info.plist */ = {isa = PBXFileReference; lastKnownFileType = text.plist.xml; path = Info.plist; sourceTree = "<group>"; };
		FC51A9261D659CA10004FEAE /* BaseModel.h */ = {isa = PBXFileReference; fileEncoding = 4; lastKnownFileType = sourcecode.c.h; path = BaseModel.h; sourceTree = "<group>"; };
		FC51A9271D659CA10004FEAE /* BaseModel.m */ = {isa = PBXFileReference; fileEncoding = 4; lastKnownFileType = sourcecode.c.objc; path = BaseModel.m; sourceTree = "<group>"; };
		FC51A9281D659CA10004FEAE /* BaseNavigationViewController.h */ = {isa = PBXFileReference; fileEncoding = 4; lastKnownFileType = sourcecode.c.h; path = BaseNavigationViewController.h; sourceTree = "<group>"; };
		FC51A9291D659CA10004FEAE /* BaseNavigationViewController.m */ = {isa = PBXFileReference; fileEncoding = 4; lastKnownFileType = sourcecode.c.objc; path = BaseNavigationViewController.m; sourceTree = "<group>"; };
		FC51A92A1D659CA10004FEAE /* BaseTabBarViewController.h */ = {isa = PBXFileReference; fileEncoding = 4; lastKnownFileType = sourcecode.c.h; path = BaseTabBarViewController.h; sourceTree = "<group>"; };
		FC51A92B1D659CA10004FEAE /* BaseTabBarViewController.m */ = {isa = PBXFileReference; fileEncoding = 4; lastKnownFileType = sourcecode.c.objc; path = BaseTabBarViewController.m; sourceTree = "<group>"; };
		FC51A92C1D659CA10004FEAE /* BaseView.h */ = {isa = PBXFileReference; fileEncoding = 4; lastKnownFileType = sourcecode.c.h; path = BaseView.h; sourceTree = "<group>"; };
		FC51A92D1D659CA10004FEAE /* BaseView.m */ = {isa = PBXFileReference; fileEncoding = 4; lastKnownFileType = sourcecode.c.objc; path = BaseView.m; sourceTree = "<group>"; };
		FC51A92E1D659CA10004FEAE /* BaseViewController.h */ = {isa = PBXFileReference; fileEncoding = 4; lastKnownFileType = sourcecode.c.h; path = BaseViewController.h; sourceTree = "<group>"; };
		FC51A92F1D659CA10004FEAE /* BaseViewController.m */ = {isa = PBXFileReference; fileEncoding = 4; lastKnownFileType = sourcecode.c.objc; path = BaseViewController.m; sourceTree = "<group>"; };
		FC51A9361D659CF40004FEAE /* LQMacro.h */ = {isa = PBXFileReference; lastKnownFileType = sourcecode.c.h; path = LQMacro.h; sourceTree = "<group>"; };
		FC51A9371D659D1E0004FEAE /* LQAppInfoMacro.h */ = {isa = PBXFileReference; lastKnownFileType = sourcecode.c.h; path = LQAppInfoMacro.h; sourceTree = "<group>"; };
		FC51A9381D659D490004FEAE /* LQCommomFunMacro.h */ = {isa = PBXFileReference; lastKnownFileType = sourcecode.c.h; path = LQCommomFunMacro.h; sourceTree = "<group>"; };
		FC51A9391D659DA10004FEAE /* LQNetWorkingMacro.h */ = {isa = PBXFileReference; lastKnownFileType = sourcecode.c.h; path = LQNetWorkingMacro.h; sourceTree = "<group>"; };
		FC51A93A1D65A0C50004FEAE /* LQAppCustomerMacro.h */ = {isa = PBXFileReference; lastKnownFileType = sourcecode.c.h; path = LQAppCustomerMacro.h; sourceTree = "<group>"; };
		FC59C1671D9A367300762D78 /* LQCGContextRefViewController.h */ = {isa = PBXFileReference; fileEncoding = 4; lastKnownFileType = sourcecode.c.h; path = LQCGContextRefViewController.h; sourceTree = "<group>"; };
		FC59C1681D9A367300762D78 /* LQCGContextRefViewController.m */ = {isa = PBXFileReference; fileEncoding = 4; lastKnownFileType = sourcecode.c.objc; path = LQCGContextRefViewController.m; sourceTree = "<group>"; };
		FC59C16A1D9A36CA00762D78 /* LQCGContextReftVIew.h */ = {isa = PBXFileReference; fileEncoding = 4; lastKnownFileType = sourcecode.c.h; path = LQCGContextReftVIew.h; sourceTree = "<group>"; };
		FC59C16B1D9A36CA00762D78 /* LQCGContextReftVIew.m */ = {isa = PBXFileReference; fileEncoding = 4; lastKnownFileType = sourcecode.c.objc; path = LQCGContextReftVIew.m; sourceTree = "<group>"; };
		FC5BA1091D768B4000284C2E /* LQMultithreading_GCDViewController.h */ = {isa = PBXFileReference; fileEncoding = 4; lastKnownFileType = sourcecode.c.h; path = LQMultithreading_GCDViewController.h; sourceTree = "<group>"; };
		FC5BA10A1D768B4000284C2E /* LQMultithreading_GCDViewController.m */ = {isa = PBXFileReference; fileEncoding = 4; lastKnownFileType = sourcecode.c.objc; path = LQMultithreading_GCDViewController.m; sourceTree = "<group>"; };
		FC5BA10B1D768B4000284C2E /* LQMultithreading_NSOperationViewController.h */ = {isa = PBXFileReference; fileEncoding = 4; lastKnownFileType = sourcecode.c.h; path = LQMultithreading_NSOperationViewController.h; sourceTree = "<group>"; };
		FC5BA10C1D768B4000284C2E /* LQMultithreading_NSOperationViewController.m */ = {isa = PBXFileReference; fileEncoding = 4; lastKnownFileType = sourcecode.c.objc; path = LQMultithreading_NSOperationViewController.m; sourceTree = "<group>"; };
		FC5BA10D1D768B4000284C2E /* LQMultithreading_NSThreadViewController.h */ = {isa = PBXFileReference; fileEncoding = 4; lastKnownFileType = sourcecode.c.h; path = LQMultithreading_NSThreadViewController.h; sourceTree = "<group>"; };
		FC5BA10E1D768B4000284C2E /* LQMultithreading_NSThreadViewController.m */ = {isa = PBXFileReference; fileEncoding = 4; lastKnownFileType = sourcecode.c.objc; path = LQMultithreading_NSThreadViewController.m; sourceTree = "<group>"; };
		FC5BA1101D768B4000284C2E /* LQImageData.h */ = {isa = PBXFileReference; fileEncoding = 4; lastKnownFileType = sourcecode.c.h; path = LQImageData.h; sourceTree = "<group>"; };
		FC5BA1111D768B4000284C2E /* LQImageData.m */ = {isa = PBXFileReference; fileEncoding = 4; lastKnownFileType = sourcecode.c.objc; path = LQImageData.m; sourceTree = "<group>"; };
		FC5BA1131D768B4000284C2E /* LQFunctionViewController.h */ = {isa = PBXFileReference; fileEncoding = 4; lastKnownFileType = sourcecode.c.h; path = LQFunctionViewController.h; sourceTree = "<group>"; };
		FC5BA1141D768B4000284C2E /* LQFunctionViewController.m */ = {isa = PBXFileReference; fileEncoding = 4; lastKnownFileType = sourcecode.c.objc; path = LQFunctionViewController.m; sourceTree = "<group>"; };
		FC5BA1191D768B4000284C2E /* LQCountViewController.h */ = {isa = PBXFileReference; fileEncoding = 4; lastKnownFileType = sourcecode.c.h; path = LQCountViewController.h; sourceTree = "<group>"; };
		FC5BA11A1D768B4000284C2E /* LQCountViewController.m */ = {isa = PBXFileReference; fileEncoding = 4; lastKnownFileType = sourcecode.c.objc; path = LQCountViewController.m; sourceTree = "<group>"; };
		FC5BA11C1D768B4000284C2E /* LQFullViewController.h */ = {isa = PBXFileReference; fileEncoding = 4; lastKnownFileType = sourcecode.c.h; path = LQFullViewController.h; sourceTree = "<group>"; };
		FC5BA11D1D768B4000284C2E /* LQFullViewController.m */ = {isa = PBXFileReference; fileEncoding = 4; lastKnownFileType = sourcecode.c.objc; path = LQFullViewController.m; sourceTree = "<group>"; };
		FC5BA11E1D768B4000284C2E /* LQScreenViewController.h */ = {isa = PBXFileReference; fileEncoding = 4; lastKnownFileType = sourcecode.c.h; path = LQScreenViewController.h; sourceTree = "<group>"; };
		FC5BA11F1D768B4000284C2E /* LQScreenViewController.m */ = {isa = PBXFileReference; fileEncoding = 4; lastKnownFileType = sourcecode.c.objc; path = LQScreenViewController.m; sourceTree = "<group>"; };
		FC5BA12C1D768BAC00284C2E /* LQRunTimeViewController.h */ = {isa = PBXFileReference; fileEncoding = 4; lastKnownFileType = sourcecode.c.h; path = LQRunTimeViewController.h; sourceTree = "<group>"; };
		FC5BA12D1D768BAC00284C2E /* LQRunTimeViewController.m */ = {isa = PBXFileReference; fileEncoding = 4; lastKnownFileType = sourcecode.c.objc; path = LQRunTimeViewController.m; sourceTree = "<group>"; };
		FC66EB9B1D9CB8F1007BDE3A /* LQFactoryMethodViewController.h */ = {isa = PBXFileReference; fileEncoding = 4; lastKnownFileType = sourcecode.c.h; path = LQFactoryMethodViewController.h; sourceTree = "<group>"; };
		FC66EB9C1D9CB8F1007BDE3A /* LQFactoryMethodViewController.m */ = {isa = PBXFileReference; fileEncoding = 4; lastKnownFileType = sourcecode.c.objc; path = LQFactoryMethodViewController.m; sourceTree = "<group>"; };
		FC75413F1D81534C00AC12F5 /* LQObjectViewController.h */ = {isa = PBXFileReference; fileEncoding = 4; lastKnownFileType = sourcecode.c.h; path = LQObjectViewController.h; sourceTree = "<group>"; };
		FC7541401D81534C00AC12F5 /* LQObjectViewController.m */ = {isa = PBXFileReference; fileEncoding = 4; lastKnownFileType = sourcecode.c.objc; path = LQObjectViewController.m; sourceTree = "<group>"; };
		FC7541421D81553D00AC12F5 /* LQCatModel.h */ = {isa = PBXFileReference; fileEncoding = 4; lastKnownFileType = sourcecode.c.h; path = LQCatModel.h; sourceTree = "<group>"; };
		FC7541431D81553D00AC12F5 /* LQCatModel.m */ = {isa = PBXFileReference; fileEncoding = 4; lastKnownFileType = sourcecode.c.objc; path = LQCatModel.m; sourceTree = "<group>"; };
		FC7541451D8157C200AC12F5 /* LQDogModel.h */ = {isa = PBXFileReference; fileEncoding = 4; lastKnownFileType = sourcecode.c.h; path = LQDogModel.h; sourceTree = "<group>"; };
		FC7541461D8157C200AC12F5 /* LQDogModel.m */ = {isa = PBXFileReference; fileEncoding = 4; lastKnownFileType = sourcecode.c.objc; path = LQDogModel.m; sourceTree = "<group>"; };
		FC7541481D8158F800AC12F5 /* LQAnimalModel.h */ = {isa = PBXFileReference; fileEncoding = 4; lastKnownFileType = sourcecode.c.h; path = LQAnimalModel.h; sourceTree = "<group>"; };
		FC7541491D8158F800AC12F5 /* LQAnimalModel.m */ = {isa = PBXFileReference; fileEncoding = 4; lastKnownFileType = sourcecode.c.objc; path = LQAnimalModel.m; sourceTree = "<group>"; };
		FC75414B1D815FBC00AC12F5 /* LQSheepModel.h */ = {isa = PBXFileReference; fileEncoding = 4; lastKnownFileType = sourcecode.c.h; path = LQSheepModel.h; sourceTree = "<group>"; };
		FC75414C1D815FBC00AC12F5 /* LQSheepModel.m */ = {isa = PBXFileReference; fileEncoding = 4; lastKnownFileType = sourcecode.c.objc; path = LQSheepModel.m; sourceTree = "<group>"; };
		FC75414E1D816DDF00AC12F5 /* LQchange.h */ = {isa = PBXFileReference; fileEncoding = 4; lastKnownFileType = sourcecode.c.h; path = LQchange.h; sourceTree = "<group>"; };
		FC75414F1D816E3500AC12F5 /* LQChangeDogModel.h */ = {isa = PBXFileReference; fileEncoding = 4; lastKnownFileType = sourcecode.c.h; path = LQChangeDogModel.h; sourceTree = "<group>"; };
		FC7541501D816E3500AC12F5 /* LQChangeDogModel.m */ = {isa = PBXFileReference; fileEncoding = 4; lastKnownFileType = sourcecode.c.objc; path = LQChangeDogModel.m; sourceTree = "<group>"; };
		FC78DBF41D78175A008C1EF6 /* LQKVOModel.h */ = {isa = PBXFileReference; fileEncoding = 4; lastKnownFileType = sourcecode.c.h; path = LQKVOModel.h; sourceTree = "<group>"; };
		FC78DBF51D78175A008C1EF6 /* LQKVOModel.m */ = {isa = PBXFileReference; fileEncoding = 4; lastKnownFileType = sourcecode.c.objc; path = LQKVOModel.m; sourceTree = "<group>"; };
		FC78DBF81D7817B3008C1EF6 /* LQKVOViewController.m */ = {isa = PBXFileReference; fileEncoding = 4; lastKnownFileType = sourcecode.c.objc; path = LQKVOViewController.m; sourceTree = "<group>"; };
		FC78DBF91D7817B3008C1EF6 /* LQKVOViewController.h */ = {isa = PBXFileReference; fileEncoding = 4; lastKnownFileType = sourcecode.c.h; path = LQKVOViewController.h; sourceTree = "<group>"; };
		FC79E58C1D7EACF700FE9F66 /* UIImage+LogImageName.h */ = {isa = PBXFileReference; fileEncoding = 4; lastKnownFileType = sourcecode.c.h; path = "UIImage+LogImageName.h"; sourceTree = "<group>"; };
		FC79E58D1D7EACF700FE9F66 /* UIImage+LogImageName.m */ = {isa = PBXFileReference; fileEncoding = 4; lastKnownFileType = sourcecode.c.objc; path = "UIImage+LogImageName.m"; sourceTree = "<group>"; };
		FC79E58F1D7EB0BA00FE9F66 /* LQPerson.h */ = {isa = PBXFileReference; fileEncoding = 4; lastKnownFileType = sourcecode.c.h; path = LQPerson.h; sourceTree = "<group>"; };
		FC79E5901D7EB0BA00FE9F66 /* LQPerson.m */ = {isa = PBXFileReference; fileEncoding = 4; lastKnownFileType = sourcecode.c.objc; path = LQPerson.m; sourceTree = "<group>"; };
		FC79E5921D7EB4E600FE9F66 /* LQPerson+nameProperty.h */ = {isa = PBXFileReference; fileEncoding = 4; lastKnownFileType = sourcecode.c.h; path = "LQPerson+nameProperty.h"; sourceTree = "<group>"; };
		FC79E5931D7EB4E600FE9F66 /* LQPerson+nameProperty.m */ = {isa = PBXFileReference; fileEncoding = 4; lastKnownFileType = sourcecode.c.objc; path = "LQPerson+nameProperty.m"; sourceTree = "<group>"; };
		FC79E5951D7EB77A00FE9F66 /* NSObject+model.h */ = {isa = PBXFileReference; fileEncoding = 4; lastKnownFileType = sourcecode.c.h; path = "NSObject+model.h"; sourceTree = "<group>"; };
		FC79E5961D7EB77A00FE9F66 /* NSObject+model.m */ = {isa = PBXFileReference; fileEncoding = 4; lastKnownFileType = sourcecode.c.objc; path = "NSObject+model.m"; sourceTree = "<group>"; };
		FC91CDF91D912D600059581B /* LQKVC_KVOViewController.h */ = {isa = PBXFileReference; fileEncoding = 4; lastKnownFileType = sourcecode.c.h; path = LQKVC_KVOViewController.h; sourceTree = "<group>"; };
		FC91CDFA1D912D600059581B /* LQKVC_KVOViewController.m */ = {isa = PBXFileReference; fileEncoding = 4; lastKnownFileType = sourcecode.c.objc; path = LQKVC_KVOViewController.m; sourceTree = "<group>"; };
		FC91CDFC1D912D830059581B /* LQPeopleModel.h */ = {isa = PBXFileReference; fileEncoding = 4; lastKnownFileType = sourcecode.c.h; path = LQPeopleModel.h; sourceTree = "<group>"; };
		FC91CDFD1D912D830059581B /* LQPeopleModel.m */ = {isa = PBXFileReference; fileEncoding = 4; lastKnownFileType = sourcecode.c.objc; path = LQPeopleModel.m; sourceTree = "<group>"; };
		FCAE48F51D79597000A308C5 /* LQlgorithmViewController.h */ = {isa = PBXFileReference; fileEncoding = 4; lastKnownFileType = sourcecode.c.h; path = LQlgorithmViewController.h; sourceTree = "<group>"; };
		FCAE48F61D79597000A308C5 /* LQlgorithmViewController.m */ = {isa = PBXFileReference; fileEncoding = 4; lastKnownFileType = sourcecode.c.objc; path = LQlgorithmViewController.m; sourceTree = "<group>"; };
		FCBB0B291D9E04D400B4ABAE /* LQRACMainViewController.h */ = {isa = PBXFileReference; fileEncoding = 4; lastKnownFileType = sourcecode.c.h; path = LQRACMainViewController.h; sourceTree = "<group>"; };
		FCBB0B2A1D9E04D400B4ABAE /* LQRACMainViewController.m */ = {isa = PBXFileReference; fileEncoding = 4; lastKnownFileType = sourcecode.c.objc; path = LQRACMainViewController.m; sourceTree = "<group>"; };
		FCBB0B2C1D9E0CE500B4ABAE /* LQRACNotificationViewController.h */ = {isa = PBXFileReference; fileEncoding = 4; lastKnownFileType = sourcecode.c.h; path = LQRACNotificationViewController.h; sourceTree = "<group>"; };
		FCBB0B2D1D9E0CE500B4ABAE /* LQRACNotificationViewController.m */ = {isa = PBXFileReference; fileEncoding = 4; lastKnownFileType = sourcecode.c.objc; path = LQRACNotificationViewController.m; sourceTree = "<group>"; };
		FCBB0B311D9E0F4F00B4ABAE /* LQRACModel.h */ = {isa = PBXFileReference; fileEncoding = 4; lastKnownFileType = sourcecode.c.h; path = LQRACModel.h; sourceTree = "<group>"; };
		FCBB0B321D9E0F4F00B4ABAE /* LQRACModel.m */ = {isa = PBXFileReference; fileEncoding = 4; lastKnownFileType = sourcecode.c.objc; path = LQRACModel.m; sourceTree = "<group>"; };
		FCBB0B381D9E137800B4ABAE /* LQGoodsModel.h */ = {isa = PBXFileReference; fileEncoding = 4; lastKnownFileType = sourcecode.c.h; path = LQGoodsModel.h; sourceTree = "<group>"; };
		FCBB0B391D9E137800B4ABAE /* LQGoodsModel.m */ = {isa = PBXFileReference; fileEncoding = 4; lastKnownFileType = sourcecode.c.objc; path = LQGoodsModel.m; sourceTree = "<group>"; };
		FCBB0B3B1D9E13B300B4ABAE /* LQGoodsViewModel.h */ = {isa = PBXFileReference; fileEncoding = 4; lastKnownFileType = sourcecode.c.h; path = LQGoodsViewModel.h; sourceTree = "<group>"; };
		FCBB0B3C1D9E13B300B4ABAE /* LQGoodsViewModel.m */ = {isa = PBXFileReference; fileEncoding = 4; lastKnownFileType = sourcecode.c.objc; path = LQGoodsViewModel.m; sourceTree = "<group>"; };
		FCBB0B3E1D9E13D700B4ABAE /* LQGoodsViewController.h */ = {isa = PBXFileReference; fileEncoding = 4; lastKnownFileType = sourcecode.c.h; path = LQGoodsViewController.h; sourceTree = "<group>"; };
		FCBB0B3F1D9E13D700B4ABAE /* LQGoodsViewController.m */ = {isa = PBXFileReference; fileEncoding = 4; lastKnownFileType = sourcecode.c.objc; path = LQGoodsViewController.m; sourceTree = "<group>"; };
		FCBEF3981D9BA78C005BD7D0 /* LQGetLableHeightViewController.h */ = {isa = PBXFileReference; fileEncoding = 4; lastKnownFileType = sourcecode.c.h; path = LQGetLableHeightViewController.h; sourceTree = "<group>"; };
		FCBEF3991D9BA78C005BD7D0 /* LQGetLableHeightViewController.m */ = {isa = PBXFileReference; fileEncoding = 4; lastKnownFileType = sourcecode.c.objc; path = LQGetLableHeightViewController.m; sourceTree = "<group>"; };
		FCD06B331DA8E45200578D99 /* UITextField+LQAddition.h */ = {isa = PBXFileReference; fileEncoding = 4; lastKnownFileType = sourcecode.c.h; path = "UITextField+LQAddition.h"; sourceTree = "<group>"; };
		FCD06B341DA8E45200578D99 /* UITextField+LQAddition.m */ = {isa = PBXFileReference; fileEncoding = 4; lastKnownFileType = sourcecode.c.objc; path = "UITextField+LQAddition.m"; sourceTree = "<group>"; };
		FCD1BDE71D99024500B49103 /* LQInitLlizeViewModel.h */ = {isa = PBXFileReference; fileEncoding = 4; lastKnownFileType = sourcecode.c.h; path = LQInitLlizeViewModel.h; sourceTree = "<group>"; };
		FCD1BDE81D99024500B49103 /* LQInitLlizeViewModel.m */ = {isa = PBXFileReference; fileEncoding = 4; lastKnownFileType = sourcecode.c.objc; path = LQInitLlizeViewModel.m; sourceTree = "<group>"; };
		FCD1BDEA1D9920F500B49103 /* LQCanJumpPeople.h */ = {isa = PBXFileReference; fileEncoding = 4; lastKnownFileType = sourcecode.c.h; path = LQCanJumpPeople.h; sourceTree = "<group>"; };
		FCD1BDEB1D9920F500B49103 /* LQCanJumpPeople.m */ = {isa = PBXFileReference; fileEncoding = 4; lastKnownFileType = sourcecode.c.objc; path = LQCanJumpPeople.m; sourceTree = "<group>"; };
		FCDF73C51D6C36DE007B838B /* LQSexyWomanListModel.h */ = {isa = PBXFileReference; fileEncoding = 4; lastKnownFileType = sourcecode.c.h; path = LQSexyWomanListModel.h; sourceTree = "<group>"; };
		FCDF73C61D6C36DE007B838B /* LQSexyWomanListModel.m */ = {isa = PBXFileReference; fileEncoding = 4; lastKnownFileType = sourcecode.c.objc; path = LQSexyWomanListModel.m; sourceTree = "<group>"; };
		FCDF73C81D6C36DE007B838B /* LQSexyWomanListViewController.h */ = {isa = PBXFileReference; fileEncoding = 4; lastKnownFileType = sourcecode.c.h; path = LQSexyWomanListViewController.h; sourceTree = "<group>"; };
		FCDF73C91D6C36DE007B838B /* LQSexyWomanListViewController.m */ = {isa = PBXFileReference; fileEncoding = 4; lastKnownFileType = sourcecode.c.objc; path = LQSexyWomanListViewController.m; sourceTree = "<group>"; };
		FCDF73CB1D6C36DE007B838B /* LQCustomCollectionViewLayout.h */ = {isa = PBXFileReference; fileEncoding = 4; lastKnownFileType = sourcecode.c.h; path = LQCustomCollectionViewLayout.h; sourceTree = "<group>"; };
		FCDF73CC1D6C36DE007B838B /* LQCustomCollectionViewLayout.m */ = {isa = PBXFileReference; fileEncoding = 4; lastKnownFileType = sourcecode.c.objc; path = LQCustomCollectionViewLayout.m; sourceTree = "<group>"; };
		FCDF73CD1D6C36DE007B838B /* LQImageListCollectionViewCell.h */ = {isa = PBXFileReference; fileEncoding = 4; lastKnownFileType = sourcecode.c.h; path = LQImageListCollectionViewCell.h; sourceTree = "<group>"; };
		FCDF73CE1D6C36DE007B838B /* LQImageListCollectionViewCell.m */ = {isa = PBXFileReference; fileEncoding = 4; lastKnownFileType = sourcecode.c.objc; path = LQImageListCollectionViewCell.m; sourceTree = "<group>"; };
		FCDF73D61D6C3E8D007B838B /* LQFullscreenImageViewController.h */ = {isa = PBXFileReference; fileEncoding = 4; lastKnownFileType = sourcecode.c.h; path = LQFullscreenImageViewController.h; sourceTree = "<group>"; };
		FCDF73D71D6C3E8D007B838B /* LQFullscreenImageViewController.m */ = {isa = PBXFileReference; fileEncoding = 4; lastKnownFileType = sourcecode.c.objc; path = LQFullscreenImageViewController.m; sourceTree = "<group>"; };
		FCDF73E81D6C44A8007B838B /* LQSearchingViewController.h */ = {isa = PBXFileReference; fileEncoding = 4; lastKnownFileType = sourcecode.c.h; path = LQSearchingViewController.h; sourceTree = "<group>"; };
		FCDF73E91D6C44A8007B838B /* LQSearchingViewController.m */ = {isa = PBXFileReference; fileEncoding = 4; lastKnownFileType = sourcecode.c.objc; path = LQSearchingViewController.m; sourceTree = "<group>"; };
		FCDF73F81D6C4862007B838B /* UmengUtility.h */ = {isa = PBXFileReference; fileEncoding = 4; lastKnownFileType = sourcecode.c.h; path = UmengUtility.h; sourceTree = "<group>"; };
		FCDF73F91D6C4862007B838B /* UmengUtility.m */ = {isa = PBXFileReference; fileEncoding = 4; lastKnownFileType = sourcecode.c.objc; path = UmengUtility.m; sourceTree = "<group>"; };
		FCE3629F1D66E58E00FFFC13 /* UIView+LwqCGRect.h */ = {isa = PBXFileReference; fileEncoding = 4; lastKnownFileType = sourcecode.c.h; path = "UIView+LwqCGRect.h"; sourceTree = "<group>"; };
		FCE362A01D66E58E00FFFC13 /* UIView+LwqCGRect.m */ = {isa = PBXFileReference; fileEncoding = 4; lastKnownFileType = sourcecode.c.objc; path = "UIView+LwqCGRect.m"; sourceTree = "<group>"; };
		FCE362A31D66E87500FFFC13 /* NSString+LQAddition.h */ = {isa = PBXFileReference; fileEncoding = 4; lastKnownFileType = sourcecode.c.h; path = "NSString+LQAddition.h"; sourceTree = "<group>"; };
		FCE362A41D66E87500FFFC13 /* NSString+LQAddition.m */ = {isa = PBXFileReference; fileEncoding = 4; lastKnownFileType = sourcecode.c.objc; path = "NSString+LQAddition.m"; sourceTree = "<group>"; };
		FCE362A61D66E9E600FFFC13 /* UIButton+LQAddition.h */ = {isa = PBXFileReference; fileEncoding = 4; lastKnownFileType = sourcecode.c.h; path = "UIButton+LQAddition.h"; sourceTree = "<group>"; };
		FCE362A71D66E9E600FFFC13 /* UIButton+LQAddition.m */ = {isa = PBXFileReference; fileEncoding = 4; lastKnownFileType = sourcecode.c.objc; path = "UIButton+LQAddition.m"; sourceTree = "<group>"; };
		FCE362A91D66EB3500FFFC13 /* UILabel+LQAddition.h */ = {isa = PBXFileReference; fileEncoding = 4; lastKnownFileType = sourcecode.c.h; path = "UILabel+LQAddition.h"; sourceTree = "<group>"; };
		FCE362AA1D66EB3500FFFC13 /* UILabel+LQAddition.m */ = {isa = PBXFileReference; fileEncoding = 4; lastKnownFileType = sourcecode.c.objc; path = "UILabel+LQAddition.m"; sourceTree = "<group>"; };
		FCE362AC1D66EBEA00FFFC13 /* LQCategory.h */ = {isa = PBXFileReference; lastKnownFileType = sourcecode.c.h; path = LQCategory.h; sourceTree = "<group>"; };
		FCE362AD1D66EDBC00FFFC13 /* NSDate+LQAddition.h */ = {isa = PBXFileReference; fileEncoding = 4; lastKnownFileType = sourcecode.c.h; path = "NSDate+LQAddition.h"; sourceTree = "<group>"; };
		FCE362AE1D66EDBC00FFFC13 /* NSDate+LQAddition.m */ = {isa = PBXFileReference; fileEncoding = 4; lastKnownFileType = sourcecode.c.objc; path = "NSDate+LQAddition.m"; sourceTree = "<group>"; };
		FCE362B01D66EF0A00FFFC13 /* SDWebImage.h */ = {isa = PBXFileReference; lastKnownFileType = sourcecode.c.h; path = SDWebImage.h; sourceTree = "<group>"; };
		FCE362B31D66F17500FFFC13 /* KSKRoundCornerCell.h */ = {isa = PBXFileReference; fileEncoding = 4; lastKnownFileType = sourcecode.c.h; path = KSKRoundCornerCell.h; sourceTree = "<group>"; };
		FCE362B41D66F17500FFFC13 /* KSKRoundCornerCell.m */ = {isa = PBXFileReference; fileEncoding = 4; lastKnownFileType = sourcecode.c.objc; path = KSKRoundCornerCell.m; sourceTree = "<group>"; };
		FCE362BE1D66F80B00FFFC13 /* UserCenter.h */ = {isa = PBXFileReference; fileEncoding = 4; lastKnownFileType = sourcecode.c.h; name = UserCenter.h; path = LQBaseProject/SingleInstance/UserCenter.h; sourceTree = SOURCE_ROOT; };
		FCE362BF1D66F80B00FFFC13 /* UserCenter.m */ = {isa = PBXFileReference; fileEncoding = 4; lastKnownFileType = sourcecode.c.objc; name = UserCenter.m; path = LQBaseProject/SingleInstance/UserCenter.m; sourceTree = SOURCE_ROOT; };
/* End PBXFileReference section */

/* Begin PBXFrameworksBuildPhase section */
		FC51A8EC1D659C8F0004FEAE /* Frameworks */ = {
			isa = PBXFrameworksBuildPhase;
			buildActionMask = 2147483647;
			files = (
				AC11D335A77D4F015DBA17E3 /* libPods-LQBaseProject.a in Frameworks */,
			);
			runOnlyForDeploymentPostprocessing = 0;
		};
		FC51A9051D659C8F0004FEAE /* Frameworks */ = {
			isa = PBXFrameworksBuildPhase;
			buildActionMask = 2147483647;
			files = (
			);
			runOnlyForDeploymentPostprocessing = 0;
		};
		FC51A9101D659C8F0004FEAE /* Frameworks */ = {
			isa = PBXFrameworksBuildPhase;
			buildActionMask = 2147483647;
			files = (
			);
			runOnlyForDeploymentPostprocessing = 0;
		};
/* End PBXFrameworksBuildPhase section */

/* Begin PBXGroup section */
		E578BE0F3C4D849A7326BF1C /* Frameworks */ = {
			isa = PBXGroup;
			children = (
				076D1BC3E18AD589441F084E /* libPods-LQBaseProject.a */,
			);
			name = Frameworks;
			sourceTree = "<group>";
		};
		F3F22B0B35F843F7BF98CF84 /* Pods */ = {
			isa = PBXGroup;
			children = (
				99518C0F04B59A9CC10FCBB9 /* Pods-LQBaseProject.debug.xcconfig */,
				2D6770FB7C6140271D6EBA97 /* Pods-LQBaseProject.release.xcconfig */,
			);
			name = Pods;
			sourceTree = "<group>";
		};
		FC2343B01D66D8F800ADB748 /* Utility */ = {
			isa = PBXGroup;
			children = (
				FCDF73F71D6C484A007B838B /* Umeng */,
				FCDF73D41D6C3E7F007B838B /* LQControl */,
				FCE362B11D66F13800FFFC13 /* ThirdParyLibrary */,
				FCE362A21D66E81B00FFFC13 /* LQCategory */,
				FCE3629E1D66E57D00FFFC13 /* AdapterScreen */,
				FC2343B11D66D91000ADB748 /* Networking */,
			);
			path = Utility;
			sourceTree = "<group>";
		};
		FC2343B11D66D91000ADB748 /* Networking */ = {
			isa = PBXGroup;
			children = (
				FC2343B21D66D91000ADB748 /* LQNetworkingRequest.h */,
				FC2343B31D66D91000ADB748 /* LQNetworkingRequest.m */,
			);
			path = Networking;
			sourceTree = "<group>";
		};
		FC4E0A4B1D938DDD00E9FE2B /* 存储数据 */ = {
			isa = PBXGroup;
			children = (
				FC4E0A4C1D938DF700E9FE2B /* LQStoreValue.h */,
				FC4E0A4D1D938DF700E9FE2B /* LQStoreValue.m */,
				FC4E0A521D938F2C00E9FE2B /* NSObject+StareValeu.h */,
				FC4E0A531D938F2C00E9FE2B /* NSObject+StareValeu.m */,
				FC4E0A4F1D938DF700E9FE2B /* FastCoder.h */,
				FC4E0A4E1D938DF700E9FE2B /* FastCoder.m */,
			);
			name = "存储数据";
			path = "LQBaseProject/SingleInstance/存储数据";
			sourceTree = SOURCE_ROOT;
		};
		FC51A8E61D659C8F0004FEAE = {
			isa = PBXGroup;
			children = (
				FC51A8F11D659C8F0004FEAE /* LQBaseProject */,
				FC51A9161D659C8F0004FEAE /* LQBaseProjectUITests */,
				FC51A8F01D659C8F0004FEAE /* Products */,
				F3F22B0B35F843F7BF98CF84 /* Pods */,
				E578BE0F3C4D849A7326BF1C /* Frameworks */,
			);
			sourceTree = "<group>";
		};
		FC51A8F01D659C8F0004FEAE /* Products */ = {
			isa = PBXGroup;
			children = (
				FC51A8EF1D659C8F0004FEAE /* LQBaseProject.app */,
				FC51A9081D659C8F0004FEAE /* LQBaseProjectTests.xctest */,
				FC51A9131D659C8F0004FEAE /* LQBaseProjectUITests.xctest */,
			);
			name = Products;
			sourceTree = "<group>";
		};
		FC51A8F11D659C8F0004FEAE /* LQBaseProject */ = {
			isa = PBXGroup;
			children = (
				FC51A8FE1D659C8F0004FEAE /* Assets.xcassets */,
				FC51A8F51D659C8F0004FEAE /* AppDelegate.h */,
				FC51A8F61D659C8F0004FEAE /* AppDelegate.m */,
				FC51A9351D659CDE0004FEAE /* Macro */,
				FCE3629D1D66E19300FFFC13 /* UserInterface */,
				FCE362BD1D66F7D400FFFC13 /* SingleInstance */,
				FC2343B01D66D8F800ADB748 /* Utility */,
				FC51A9251D659CA10004FEAE /* BaseClasses */,
				FC51A8F21D659C8F0004FEAE /* Supporting Files */,
			);
			path = LQBaseProject;
			sourceTree = "<group>";
		};
		FC51A8F21D659C8F0004FEAE /* Supporting Files */ = {
			isa = PBXGroup;
			children = (
				FC51A9001D659C8F0004FEAE /* LaunchScreen.storyboard */,
				FC51A9031D659C8F0004FEAE /* Info.plist */,
				FC51A8F31D659C8F0004FEAE /* main.m */,
			);
			name = "Supporting Files";
			sourceTree = "<group>";
		};
		FC51A90B1D659C8F0004FEAE /* LQBaseProjectTests */ = {
			isa = PBXGroup;
			children = (
				FC51A90C1D659C8F0004FEAE /* LQBaseProjectTests.m */,
				FC51A90E1D659C8F0004FEAE /* Info.plist */,
			);
			name = LQBaseProjectTests;
			path = ../../../LQBaseProjectTests;
			sourceTree = "<group>";
		};
		FC51A9161D659C8F0004FEAE /* LQBaseProjectUITests */ = {
			isa = PBXGroup;
			children = (
				FC51A9171D659C8F0004FEAE /* LQBaseProjectUITests.m */,
				FC51A9191D659C8F0004FEAE /* Info.plist */,
			);
			path = LQBaseProjectUITests;
			sourceTree = "<group>";
		};
		FC51A9251D659CA10004FEAE /* BaseClasses */ = {
			isa = PBXGroup;
			children = (
				FC51A92A1D659CA10004FEAE /* BaseTabBarViewController.h */,
				FC51A92B1D659CA10004FEAE /* BaseTabBarViewController.m */,
				FC51A9261D659CA10004FEAE /* BaseModel.h */,
				FC51A9271D659CA10004FEAE /* BaseModel.m */,
				FC51A9281D659CA10004FEAE /* BaseNavigationViewController.h */,
				FC51A9291D659CA10004FEAE /* BaseNavigationViewController.m */,
				FC51A92C1D659CA10004FEAE /* BaseView.h */,
				FC51A92D1D659CA10004FEAE /* BaseView.m */,
				FC51A92E1D659CA10004FEAE /* BaseViewController.h */,
				FC51A92F1D659CA10004FEAE /* BaseViewController.m */,
			);
			path = BaseClasses;
			sourceTree = "<group>";
		};
		FC51A9351D659CDE0004FEAE /* Macro */ = {
			isa = PBXGroup;
			children = (
				FC51A9361D659CF40004FEAE /* LQMacro.h */,
				FC51A9371D659D1E0004FEAE /* LQAppInfoMacro.h */,
				FC51A9381D659D490004FEAE /* LQCommomFunMacro.h */,
				FC51A9391D659DA10004FEAE /* LQNetWorkingMacro.h */,
				FC51A93A1D65A0C50004FEAE /* LQAppCustomerMacro.h */,
				FCE362B01D66EF0A00FFFC13 /* SDWebImage.h */,
			);
			path = Macro;
			sourceTree = "<group>";
		};
		FC59C15F1D9A361500762D78 /* CGContextRef */ = {
			isa = PBXGroup;
			children = (
				FC59C1661D9A367300762D78 /* Controller */,
				FC59C1641D9A365400762D78 /* Model */,
				FC59C1631D9A364800762D78 /* View */,
			);
			path = CGContextRef;
			sourceTree = "<group>";
		};
		FC59C1631D9A364800762D78 /* View */ = {
			isa = PBXGroup;
			children = (
				FC59C16A1D9A36CA00762D78 /* LQCGContextReftVIew.h */,
				FC59C16B1D9A36CA00762D78 /* LQCGContextReftVIew.m */,
			);
			path = View;
			sourceTree = "<group>";
		};
		FC59C1641D9A365400762D78 /* Model */ = {
			isa = PBXGroup;
			children = (
			);
			path = Model;
			sourceTree = "<group>";
		};
		FC59C1661D9A367300762D78 /* Controller */ = {
			isa = PBXGroup;
			children = (
				FC59C1671D9A367300762D78 /* LQCGContextRefViewController.h */,
				FC59C1681D9A367300762D78 /* LQCGContextRefViewController.m */,
			);
			path = Controller;
			sourceTree = "<group>";
		};
		FC5BA0E31D768A3200284C2E /* FunctionModule */ = {
			isa = PBXGroup;
			children = (
				FC5BA1121D768B4000284C2E /* Main */,
				FCBB0B341D9E131B00B4ABAE /* MVVM_RAC */,
				FCBB0B271D9E047300B4ABAE /* RAC */,
				FC66EB981D9CB8B4007BDE3A /* 工厂方法 */,
				FC51A90B1D659C8F0004FEAE /* LQBaseProjectTests */,
				FCBEF3971D9BA76F005BD7D0 /* 计算label的高度 */,
				FC59C15F1D9A361500762D78 /* CGContextRef */,
				FC91CDF31D912CF80059581B /* KVC&KVO */,
				FC7541351D81524E00AC12F5 /* 面向对象 */,
				FCAE48F31D79591900A308C5 /* 简单的算法 */,
				FC78DBEF1D78122C008C1EF6 /* 观察者 */,
				FC5BA1071D768B4000284C2E /* 多线程 */,
				FC5BA1151D768B4000284C2E /* RunTime相关 */,
				FC5BA1181D768B4000284C2E /* 引用计数 */,
				FC5BA11B1D768B4000284C2E /* 屏幕旋转 */,
			);
			path = FunctionModule;
			sourceTree = "<group>";
		};
		FC5BA1071D768B4000284C2E /* 多线程 */ = {
			isa = PBXGroup;
			children = (
				FC5BA1081D768B4000284C2E /* Controller */,
				FC5BA10F1D768B4000284C2E /* Model */,
			);
			path = "多线程";
			sourceTree = "<group>";
		};
		FC5BA1081D768B4000284C2E /* Controller */ = {
			isa = PBXGroup;
			children = (
				FC5BA1091D768B4000284C2E /* LQMultithreading_GCDViewController.h */,
				FC5BA10A1D768B4000284C2E /* LQMultithreading_GCDViewController.m */,
				FC5BA10B1D768B4000284C2E /* LQMultithreading_NSOperationViewController.h */,
				FC5BA10C1D768B4000284C2E /* LQMultithreading_NSOperationViewController.m */,
				FC5BA10D1D768B4000284C2E /* LQMultithreading_NSThreadViewController.h */,
				FC5BA10E1D768B4000284C2E /* LQMultithreading_NSThreadViewController.m */,
			);
			path = Controller;
			sourceTree = "<group>";
		};
		FC5BA10F1D768B4000284C2E /* Model */ = {
			isa = PBXGroup;
			children = (
				FC5BA1101D768B4000284C2E /* LQImageData.h */,
				FC5BA1111D768B4000284C2E /* LQImageData.m */,
			);
			path = Model;
			sourceTree = "<group>";
		};
		FC5BA1121D768B4000284C2E /* Main */ = {
			isa = PBXGroup;
			children = (
				FC5BA1131D768B4000284C2E /* LQFunctionViewController.h */,
				FC5BA1141D768B4000284C2E /* LQFunctionViewController.m */,
			);
			path = Main;
			sourceTree = "<group>";
		};
		FC5BA1151D768B4000284C2E /* RunTime相关 */ = {
			isa = PBXGroup;
			children = (
				FC79E58C1D7EACF700FE9F66 /* UIImage+LogImageName.h */,
				FC79E58D1D7EACF700FE9F66 /* UIImage+LogImageName.m */,
				FC5BA12B1D768B7800284C2E /* Model */,
				FC5BA12A1D768B6D00284C2E /* VIew */,
				FC5BA1291D768B6300284C2E /* Controller */,
			);
			path = "RunTime相关";
			sourceTree = "<group>";
		};
		FC5BA1181D768B4000284C2E /* 引用计数 */ = {
			isa = PBXGroup;
			children = (
				FC5BA1191D768B4000284C2E /* LQCountViewController.h */,
				FC5BA11A1D768B4000284C2E /* LQCountViewController.m */,
			);
			path = "引用计数";
			sourceTree = "<group>";
		};
		FC5BA11B1D768B4000284C2E /* 屏幕旋转 */ = {
			isa = PBXGroup;
			children = (
				FC5BA11C1D768B4000284C2E /* LQFullViewController.h */,
				FC5BA11D1D768B4000284C2E /* LQFullViewController.m */,
				FC5BA11E1D768B4000284C2E /* LQScreenViewController.h */,
				FC5BA11F1D768B4000284C2E /* LQScreenViewController.m */,
			);
			path = "屏幕旋转";
			sourceTree = "<group>";
		};
		FC5BA1291D768B6300284C2E /* Controller */ = {
			isa = PBXGroup;
			children = (
				FC5BA12C1D768BAC00284C2E /* LQRunTimeViewController.h */,
				FC5BA12D1D768BAC00284C2E /* LQRunTimeViewController.m */,
			);
			path = Controller;
			sourceTree = "<group>";
		};
		FC5BA12A1D768B6D00284C2E /* VIew */ = {
			isa = PBXGroup;
			children = (
			);
			path = VIew;
			sourceTree = "<group>";
		};
		FC5BA12B1D768B7800284C2E /* Model */ = {
			isa = PBXGroup;
			children = (
				FC79E58F1D7EB0BA00FE9F66 /* LQPerson.h */,
				FC79E5901D7EB0BA00FE9F66 /* LQPerson.m */,
				FCD1BDEA1D9920F500B49103 /* LQCanJumpPeople.h */,
				FCD1BDEB1D9920F500B49103 /* LQCanJumpPeople.m */,
				FC79E5921D7EB4E600FE9F66 /* LQPerson+nameProperty.h */,
				FC79E5931D7EB4E600FE9F66 /* LQPerson+nameProperty.m */,
				FC79E5951D7EB77A00FE9F66 /* NSObject+model.h */,
				FC79E5961D7EB77A00FE9F66 /* NSObject+model.m */,
				FCD1BDE71D99024500B49103 /* LQInitLlizeViewModel.h */,
				FCD1BDE81D99024500B49103 /* LQInitLlizeViewModel.m */,
			);
			path = Model;
			sourceTree = "<group>";
		};
		FC66EB981D9CB8B4007BDE3A /* 工厂方法 */ = {
			isa = PBXGroup;
			children = (
				FC66EB9A1D9CB8D6007BDE3A /* Model */,
				FC66EB991D9CB8C8007BDE3A /* Controller */,
			);
			path = "工厂方法";
			sourceTree = "<group>";
		};
		FC66EB991D9CB8C8007BDE3A /* Controller */ = {
			isa = PBXGroup;
			children = (
				FC66EB9B1D9CB8F1007BDE3A /* LQFactoryMethodViewController.h */,
				FC66EB9C1D9CB8F1007BDE3A /* LQFactoryMethodViewController.m */,
			);
			path = Controller;
			sourceTree = "<group>";
		};
		FC66EB9A1D9CB8D6007BDE3A /* Model */ = {
			isa = PBXGroup;
			children = (
			);
			path = Model;
			sourceTree = "<group>";
		};
		FC7541351D81524E00AC12F5 /* 面向对象 */ = {
			isa = PBXGroup;
			children = (
				FC7541381D81527700AC12F5 /* View */,
				FC7541371D81526F00AC12F5 /* Model */,
				FC7541361D81526700AC12F5 /* Cotroller */,
			);
			path = "面向对象";
			sourceTree = "<group>";
		};
		FC7541361D81526700AC12F5 /* Cotroller */ = {
			isa = PBXGroup;
			children = (
				FC75413F1D81534C00AC12F5 /* LQObjectViewController.h */,
				FC7541401D81534C00AC12F5 /* LQObjectViewController.m */,
			);
			path = Cotroller;
			sourceTree = "<group>";
		};
		FC7541371D81526F00AC12F5 /* Model */ = {
			isa = PBXGroup;
			children = (
				FC7541481D8158F800AC12F5 /* LQAnimalModel.h */,
				FC7541491D8158F800AC12F5 /* LQAnimalModel.m */,
				FC7541421D81553D00AC12F5 /* LQCatModel.h */,
				FC7541431D81553D00AC12F5 /* LQCatModel.m */,
				FC7541451D8157C200AC12F5 /* LQDogModel.h */,
				FC7541461D8157C200AC12F5 /* LQDogModel.m */,
				FC75414B1D815FBC00AC12F5 /* LQSheepModel.h */,
				FC75414C1D815FBC00AC12F5 /* LQSheepModel.m */,
				FC75414F1D816E3500AC12F5 /* LQChangeDogModel.h */,
				FC7541501D816E3500AC12F5 /* LQChangeDogModel.m */,
				FC75414E1D816DDF00AC12F5 /* LQchange.h */,
			);
			path = Model;
			sourceTree = "<group>";
		};
		FC7541381D81527700AC12F5 /* View */ = {
			isa = PBXGroup;
			children = (
			);
			path = View;
			sourceTree = "<group>";
		};
		FC78DBEF1D78122C008C1EF6 /* 观察者 */ = {
			isa = PBXGroup;
			children = (
				FC78DBF71D781799008C1EF6 /* Controller */,
				FC78DBF31D781748008C1EF6 /* Model */,
			);
			path = "观察者";
			sourceTree = "<group>";
		};
		FC78DBF31D781748008C1EF6 /* Model */ = {
			isa = PBXGroup;
			children = (
				FC78DBF41D78175A008C1EF6 /* LQKVOModel.h */,
				FC78DBF51D78175A008C1EF6 /* LQKVOModel.m */,
			);
			path = Model;
			sourceTree = "<group>";
		};
		FC78DBF71D781799008C1EF6 /* Controller */ = {
			isa = PBXGroup;
			children = (
				FC78DBF91D7817B3008C1EF6 /* LQKVOViewController.h */,
				FC78DBF81D7817B3008C1EF6 /* LQKVOViewController.m */,
			);
			path = Controller;
			sourceTree = "<group>";
		};
		FC91CDF31D912CF80059581B /* KVC&KVO */ = {
			isa = PBXGroup;
			children = (
				FC91CDF81D912D470059581B /* Controller */,
				FC91CDF71D912D3F0059581B /* Model */,
			);
			path = "KVC&KVO";
			sourceTree = "<group>";
		};
		FC91CDF71D912D3F0059581B /* Model */ = {
			isa = PBXGroup;
			children = (
				FC91CDFC1D912D830059581B /* LQPeopleModel.h */,
				FC91CDFD1D912D830059581B /* LQPeopleModel.m */,
			);
			path = Model;
			sourceTree = "<group>";
		};
		FC91CDF81D912D470059581B /* Controller */ = {
			isa = PBXGroup;
			children = (
				FC91CDF91D912D600059581B /* LQKVC_KVOViewController.h */,
				FC91CDFA1D912D600059581B /* LQKVC_KVOViewController.m */,
			);
			path = Controller;
			sourceTree = "<group>";
		};
		FCAE48F31D79591900A308C5 /* 简单的算法 */ = {
			isa = PBXGroup;
			children = (
				FCAE48F41D79593400A308C5 /* Controller */,
			);
			path = "简单的算法";
			sourceTree = "<group>";
		};
		FCAE48F41D79593400A308C5 /* Controller */ = {
			isa = PBXGroup;
			children = (
				FCAE48F51D79597000A308C5 /* LQlgorithmViewController.h */,
				FCAE48F61D79597000A308C5 /* LQlgorithmViewController.m */,
			);
			path = Controller;
			sourceTree = "<group>";
		};
		FCBB0B271D9E047300B4ABAE /* RAC */ = {
			isa = PBXGroup;
			children = (
				FCBB0B301D9E0F2400B4ABAE /* Model */,
				FCBB0B281D9E04A500B4ABAE /* Controller */,
			);
			path = RAC;
			sourceTree = "<group>";
		};
		FCBB0B281D9E04A500B4ABAE /* Controller */ = {
			isa = PBXGroup;
			children = (
				FCBB0B291D9E04D400B4ABAE /* LQRACMainViewController.h */,
				FCBB0B2A1D9E04D400B4ABAE /* LQRACMainViewController.m */,
				FCBB0B2C1D9E0CE500B4ABAE /* LQRACNotificationViewController.h */,
				FCBB0B2D1D9E0CE500B4ABAE /* LQRACNotificationViewController.m */,
			);
			path = Controller;
			sourceTree = "<group>";
		};
		FCBB0B301D9E0F2400B4ABAE /* Model */ = {
			isa = PBXGroup;
			children = (
				FCBB0B311D9E0F4F00B4ABAE /* LQRACModel.h */,
				FCBB0B321D9E0F4F00B4ABAE /* LQRACModel.m */,
			);
			path = Model;
			sourceTree = "<group>";
		};
		FCBB0B341D9E131B00B4ABAE /* MVVM_RAC */ = {
			isa = PBXGroup;
			children = (
				FCBB0B351D9E132400B4ABAE /* Model */,
				FCBB0B371D9E135000B4ABAE /* VIewModel */,
				FCBB0B361D9E133E00B4ABAE /* Controller_View */,
			);
			path = MVVM_RAC;
			sourceTree = "<group>";
		};
		FCBB0B351D9E132400B4ABAE /* Model */ = {
			isa = PBXGroup;
			children = (
				FCBB0B381D9E137800B4ABAE /* LQGoodsModel.h */,
				FCBB0B391D9E137800B4ABAE /* LQGoodsModel.m */,
			);
			path = Model;
			sourceTree = "<group>";
		};
		FCBB0B361D9E133E00B4ABAE /* Controller_View */ = {
			isa = PBXGroup;
			children = (
				FCBB0B3E1D9E13D700B4ABAE /* LQGoodsViewController.h */,
				FCBB0B3F1D9E13D700B4ABAE /* LQGoodsViewController.m */,
			);
			path = Controller_View;
			sourceTree = "<group>";
		};
		FCBB0B371D9E135000B4ABAE /* VIewModel */ = {
			isa = PBXGroup;
			children = (
				FCBB0B3B1D9E13B300B4ABAE /* LQGoodsViewModel.h */,
				FCBB0B3C1D9E13B300B4ABAE /* LQGoodsViewModel.m */,
			);
			path = VIewModel;
			sourceTree = "<group>";
		};
		FCBEF3971D9BA76F005BD7D0 /* 计算label的高度 */ = {
			isa = PBXGroup;
			children = (
				FCBEF3981D9BA78C005BD7D0 /* LQGetLableHeightViewController.h */,
				FCBEF3991D9BA78C005BD7D0 /* LQGetLableHeightViewController.m */,
			);
			path = "计算label的高度";
			sourceTree = "<group>";
		};
		FCDF73C21D6C36AE007B838B /* SearchingModule */ = {
			isa = PBXGroup;
			children = (
				FCDF73D91D6C4484007B838B /* Model */,
				FCDF73DC1D6C4484007B838B /* Controller */,
				FCDF73DF1D6C4484007B838B /* View */,
			);
			path = SearchingModule;
			sourceTree = "<group>";
		};
		FCDF73C31D6C36CB007B838B /* HomePageModule */ = {
			isa = PBXGroup;
			children = (
				FCDF73C41D6C36DE007B838B /* Model */,
				FCDF73C71D6C36DE007B838B /* Controller */,
				FCDF73CA1D6C36DE007B838B /* View */,
			);
			path = HomePageModule;
			sourceTree = "<group>";
		};
		FCDF73C41D6C36DE007B838B /* Model */ = {
			isa = PBXGroup;
			children = (
				FCDF73C51D6C36DE007B838B /* LQSexyWomanListModel.h */,
				FCDF73C61D6C36DE007B838B /* LQSexyWomanListModel.m */,
			);
			path = Model;
			sourceTree = "<group>";
		};
		FCDF73C71D6C36DE007B838B /* Controller */ = {
			isa = PBXGroup;
			children = (
				FCDF73C81D6C36DE007B838B /* LQSexyWomanListViewController.h */,
				FCDF73C91D6C36DE007B838B /* LQSexyWomanListViewController.m */,
			);
			path = Controller;
			sourceTree = "<group>";
		};
		FCDF73CA1D6C36DE007B838B /* View */ = {
			isa = PBXGroup;
			children = (
				FCDF73CB1D6C36DE007B838B /* LQCustomCollectionViewLayout.h */,
				FCDF73CC1D6C36DE007B838B /* LQCustomCollectionViewLayout.m */,
				FCDF73CD1D6C36DE007B838B /* LQImageListCollectionViewCell.h */,
				FCDF73CE1D6C36DE007B838B /* LQImageListCollectionViewCell.m */,
			);
			path = View;
			sourceTree = "<group>";
		};
		FCDF73D41D6C3E7F007B838B /* LQControl */ = {
			isa = PBXGroup;
			children = (
				FCDF73D51D6C3E8D007B838B /* tapImageFullScreen */,
			);
			path = LQControl;
			sourceTree = "<group>";
		};
		FCDF73D51D6C3E8D007B838B /* tapImageFullScreen */ = {
			isa = PBXGroup;
			children = (
				FCDF73D61D6C3E8D007B838B /* LQFullscreenImageViewController.h */,
				FCDF73D71D6C3E8D007B838B /* LQFullscreenImageViewController.m */,
			);
			path = tapImageFullScreen;
			sourceTree = "<group>";
		};
		FCDF73D91D6C4484007B838B /* Model */ = {
			isa = PBXGroup;
			children = (
			);
			path = Model;
			sourceTree = "<group>";
		};
		FCDF73DC1D6C4484007B838B /* Controller */ = {
			isa = PBXGroup;
			children = (
				FCDF73E81D6C44A8007B838B /* LQSearchingViewController.h */,
				FCDF73E91D6C44A8007B838B /* LQSearchingViewController.m */,
			);
			path = Controller;
			sourceTree = "<group>";
		};
		FCDF73DF1D6C4484007B838B /* View */ = {
			isa = PBXGroup;
			children = (
			);
			path = View;
			sourceTree = "<group>";
		};
		FCDF73F71D6C484A007B838B /* Umeng */ = {
			isa = PBXGroup;
			children = (
				FCDF73F81D6C4862007B838B /* UmengUtility.h */,
				FCDF73F91D6C4862007B838B /* UmengUtility.m */,
			);
			path = Umeng;
			sourceTree = "<group>";
		};
		FCE3629D1D66E19300FFFC13 /* UserInterface */ = {
			isa = PBXGroup;
			children = (
				FCDF73C31D6C36CB007B838B /* HomePageModule */,
				FCDF73C21D6C36AE007B838B /* SearchingModule */,
				FC5BA0E31D768A3200284C2E /* FunctionModule */,
			);
			path = UserInterface;
			sourceTree = "<group>";
		};
		FCE3629E1D66E57D00FFFC13 /* AdapterScreen */ = {
			isa = PBXGroup;
			children = (
				FCE3629F1D66E58E00FFFC13 /* UIView+LwqCGRect.h */,
				FCE362A01D66E58E00FFFC13 /* UIView+LwqCGRect.m */,
			);
			path = AdapterScreen;
			sourceTree = "<group>";
		};
		FCE362A21D66E81B00FFFC13 /* LQCategory */ = {
			isa = PBXGroup;
			children = (
				FCE362AC1D66EBEA00FFFC13 /* LQCategory.h */,
				FCE362A31D66E87500FFFC13 /* NSString+LQAddition.h */,
				FCE362A41D66E87500FFFC13 /* NSString+LQAddition.m */,
				FCE362A61D66E9E600FFFC13 /* UIButton+LQAddition.h */,
				FCE362A71D66E9E600FFFC13 /* UIButton+LQAddition.m */,
				FCE362A91D66EB3500FFFC13 /* UILabel+LQAddition.h */,
				FCE362AA1D66EB3500FFFC13 /* UILabel+LQAddition.m */,
				FCE362AD1D66EDBC00FFFC13 /* NSDate+LQAddition.h */,
				FCE362AE1D66EDBC00FFFC13 /* NSDate+LQAddition.m */,
				FCD06B331DA8E45200578D99 /* UITextField+LQAddition.h */,
				FCD06B341DA8E45200578D99 /* UITextField+LQAddition.m */,
			);
			path = LQCategory;
			sourceTree = "<group>";
		};
		FCE362B11D66F13800FFFC13 /* ThirdParyLibrary */ = {
			isa = PBXGroup;
			children = (
				FCE362B21D66F17500FFFC13 /* KSRoundCornerCell */,
			);
			path = ThirdParyLibrary;
			sourceTree = "<group>";
		};
		FCE362B21D66F17500FFFC13 /* KSRoundCornerCell */ = {
			isa = PBXGroup;
			children = (
				FCE362B31D66F17500FFFC13 /* KSKRoundCornerCell.h */,
				FCE362B41D66F17500FFFC13 /* KSKRoundCornerCell.m */,
			);
			path = KSRoundCornerCell;
			sourceTree = "<group>";
		};
		FCE362BD1D66F7D400FFFC13 /* SingleInstance */ = {
			isa = PBXGroup;
			children = (
				FC4E0A4B1D938DDD00E9FE2B /* 存储数据 */,
				FCE362BE1D66F80B00FFFC13 /* UserCenter.h */,
				FCE362BF1D66F80B00FFFC13 /* UserCenter.m */,
			);
			name = SingleInstance;
			path = SingleINstance;
			sourceTree = "<group>";
		};
/* End PBXGroup section */

/* Begin PBXNativeTarget section */
		FC51A8EE1D659C8F0004FEAE /* LQBaseProject */ = {
			isa = PBXNativeTarget;
			buildConfigurationList = FC51A91C1D659C8F0004FEAE /* Build configuration list for PBXNativeTarget "LQBaseProject" */;
			buildPhases = (
				1DEA6A5CA9AE9CA1AE394C67 /* Check Pods Manifest.lock */,
				FC51A8EB1D659C8F0004FEAE /* Sources */,
				FC51A8EC1D659C8F0004FEAE /* Frameworks */,
				FC51A8ED1D659C8F0004FEAE /* Resources */,
				2B5CBFE42F0B966F5B33768C /* Embed Pods Frameworks */,
				7C7984179C2A880591073940 /* Copy Pods Resources */,
			);
			buildRules = (
			);
			dependencies = (
			);
			name = LQBaseProject;
			productName = LQBaseProject;
			productReference = FC51A8EF1D659C8F0004FEAE /* LQBaseProject.app */;
			productType = "com.apple.product-type.application";
		};
		FC51A9071D659C8F0004FEAE /* LQBaseProjectTests */ = {
			isa = PBXNativeTarget;
			buildConfigurationList = FC51A91F1D659C8F0004FEAE /* Build configuration list for PBXNativeTarget "LQBaseProjectTests" */;
			buildPhases = (
				FC51A9041D659C8F0004FEAE /* Sources */,
				FC51A9051D659C8F0004FEAE /* Frameworks */,
				FC51A9061D659C8F0004FEAE /* Resources */,
			);
			buildRules = (
			);
			dependencies = (
				FC51A90A1D659C8F0004FEAE /* PBXTargetDependency */,
			);
			name = LQBaseProjectTests;
			productName = LQBaseProjectTests;
			productReference = FC51A9081D659C8F0004FEAE /* LQBaseProjectTests.xctest */;
			productType = "com.apple.product-type.bundle.unit-test";
		};
		FC51A9121D659C8F0004FEAE /* LQBaseProjectUITests */ = {
			isa = PBXNativeTarget;
			buildConfigurationList = FC51A9221D659C8F0004FEAE /* Build configuration list for PBXNativeTarget "LQBaseProjectUITests" */;
			buildPhases = (
				FC51A90F1D659C8F0004FEAE /* Sources */,
				FC51A9101D659C8F0004FEAE /* Frameworks */,
				FC51A9111D659C8F0004FEAE /* Resources */,
			);
			buildRules = (
			);
			dependencies = (
				FC51A9151D659C8F0004FEAE /* PBXTargetDependency */,
			);
			name = LQBaseProjectUITests;
			productName = LQBaseProjectUITests;
			productReference = FC51A9131D659C8F0004FEAE /* LQBaseProjectUITests.xctest */;
			productType = "com.apple.product-type.bundle.ui-testing";
		};
/* End PBXNativeTarget section */

/* Begin PBXProject section */
		FC51A8E71D659C8F0004FEAE /* Project object */ = {
			isa = PBXProject;
			attributes = {
				LastUpgradeCheck = 0730;
				ORGANIZATIONNAME = "刘伟强";
				TargetAttributes = {
					FC51A8EE1D659C8F0004FEAE = {
						CreatedOnToolsVersion = 7.3;
						DevelopmentTeam = C9VG28535S;
					};
					FC51A9071D659C8F0004FEAE = {
						CreatedOnToolsVersion = 7.3;
						DevelopmentTeam = C9VG28535S;
						TestTargetID = FC51A8EE1D659C8F0004FEAE;
					};
					FC51A9121D659C8F0004FEAE = {
						CreatedOnToolsVersion = 7.3;
						DevelopmentTeam = C9VG28535S;
						TestTargetID = FC51A8EE1D659C8F0004FEAE;
					};
				};
			};
			buildConfigurationList = FC51A8EA1D659C8F0004FEAE /* Build configuration list for PBXProject "LQBaseProject" */;
			compatibilityVersion = "Xcode 3.2";
			developmentRegion = English;
			hasScannedForEncodings = 0;
			knownRegions = (
				en,
				Base,
			);
			mainGroup = FC51A8E61D659C8F0004FEAE;
			productRefGroup = FC51A8F01D659C8F0004FEAE /* Products */;
			projectDirPath = "";
			projectRoot = "";
			targets = (
				FC51A8EE1D659C8F0004FEAE /* LQBaseProject */,
				FC51A9071D659C8F0004FEAE /* LQBaseProjectTests */,
				FC51A9121D659C8F0004FEAE /* LQBaseProjectUITests */,
			);
		};
/* End PBXProject section */

/* Begin PBXResourcesBuildPhase section */
		FC51A8ED1D659C8F0004FEAE /* Resources */ = {
			isa = PBXResourcesBuildPhase;
			buildActionMask = 2147483647;
			files = (
				FC51A9021D659C8F0004FEAE /* LaunchScreen.storyboard in Resources */,
				FC51A8FF1D659C8F0004FEAE /* Assets.xcassets in Resources */,
			);
			runOnlyForDeploymentPostprocessing = 0;
		};
		FC51A9061D659C8F0004FEAE /* Resources */ = {
			isa = PBXResourcesBuildPhase;
			buildActionMask = 2147483647;
			files = (
			);
			runOnlyForDeploymentPostprocessing = 0;
		};
		FC51A9111D659C8F0004FEAE /* Resources */ = {
			isa = PBXResourcesBuildPhase;
			buildActionMask = 2147483647;
			files = (
			);
			runOnlyForDeploymentPostprocessing = 0;
		};
/* End PBXResourcesBuildPhase section */

/* Begin PBXShellScriptBuildPhase section */
		1DEA6A5CA9AE9CA1AE394C67 /* Check Pods Manifest.lock */ = {
			isa = PBXShellScriptBuildPhase;
			buildActionMask = 2147483647;
			files = (
			);
			inputPaths = (
			);
			name = "Check Pods Manifest.lock";
			outputPaths = (
			);
			runOnlyForDeploymentPostprocessing = 0;
			shellPath = /bin/sh;
			shellScript = "diff \"${PODS_ROOT}/../Podfile.lock\" \"${PODS_ROOT}/Manifest.lock\" > /dev/null\nif [[ $? != 0 ]] ; then\n    cat << EOM\nerror: The sandbox is not in sync with the Podfile.lock. Run 'pod install' or update your CocoaPods installation.\nEOM\n    exit 1\nfi\n";
			showEnvVarsInLog = 0;
		};
		2B5CBFE42F0B966F5B33768C /* Embed Pods Frameworks */ = {
			isa = PBXShellScriptBuildPhase;
			buildActionMask = 2147483647;
			files = (
			);
			inputPaths = (
			);
			name = "Embed Pods Frameworks";
			outputPaths = (
			);
			runOnlyForDeploymentPostprocessing = 0;
			shellPath = /bin/sh;
			shellScript = "\"${SRCROOT}/Pods/Target Support Files/Pods-LQBaseProject/Pods-LQBaseProject-frameworks.sh\"\n";
			showEnvVarsInLog = 0;
		};
		7C7984179C2A880591073940 /* Copy Pods Resources */ = {
			isa = PBXShellScriptBuildPhase;
			buildActionMask = 2147483647;
			files = (
			);
			inputPaths = (
			);
			name = "Copy Pods Resources";
			outputPaths = (
			);
			runOnlyForDeploymentPostprocessing = 0;
			shellPath = /bin/sh;
			shellScript = "\"${SRCROOT}/Pods/Target Support Files/Pods-LQBaseProject/Pods-LQBaseProject-resources.sh\"\n";
			showEnvVarsInLog = 0;
		};
/* End PBXShellScriptBuildPhase section */

/* Begin PBXSourcesBuildPhase section */
		FC51A8EB1D659C8F0004FEAE /* Sources */ = {
			isa = PBXSourcesBuildPhase;
			buildActionMask = 2147483647;
			files = (
				FCE362AF1D66EDBC00FFFC13 /* NSDate+LQAddition.m in Sources */,
				FCBB0B2E1D9E0CE500B4ABAE /* LQRACNotificationViewController.m in Sources */,
				FC4E0A541D938F2C00E9FE2B /* NSObject+StareValeu.m in Sources */,
				FC4E0A511D938DF700E9FE2B /* FastCoder.m in Sources */,
				FC5BA1261D768B4000284C2E /* LQCountViewController.m in Sources */,
				FCDF73D01D6C36DE007B838B /* LQSexyWomanListViewController.m in Sources */,
				FCBB0B3A1D9E137800B4ABAE /* LQGoodsModel.m in Sources */,
				FC79E5971D7EB77A00FE9F66 /* NSObject+model.m in Sources */,
				FC5BA1231D768B4000284C2E /* LQImageData.m in Sources */,
				FCE362AB1D66EB3500FFFC13 /* UILabel+LQAddition.m in Sources */,
				FCBB0B3D1D9E13B300B4ABAE /* LQGoodsViewModel.m in Sources */,
				FCD1BDE91D99024500B49103 /* LQInitLlizeViewModel.m in Sources */,
				FCE362A51D66E87500FFFC13 /* NSString+LQAddition.m in Sources */,
				FC7541511D816E3500AC12F5 /* LQChangeDogModel.m in Sources */,
				FCE362C01D66F80B00FFFC13 /* UserCenter.m in Sources */,
				FC7541471D8157C200AC12F5 /* LQDogModel.m in Sources */,
				FCDF73D21D6C36DE007B838B /* LQImageListCollectionViewCell.m in Sources */,
				FC79E5941D7EB4E600FE9F66 /* LQPerson+nameProperty.m in Sources */,
				FCD1BDEC1D9920F500B49103 /* LQCanJumpPeople.m in Sources */,
				FCE362B51D66F17500FFFC13 /* KSKRoundCornerCell.m in Sources */,
				FC91CDFB1D912D600059581B /* LQKVC_KVOViewController.m in Sources */,
				FC4E0A501D938DF700E9FE2B /* LQStoreValue.m in Sources */,
				FC78DBF61D78175A008C1EF6 /* LQKVOModel.m in Sources */,
				FCDF73D81D6C3E8D007B838B /* LQFullscreenImageViewController.m in Sources */,
				FC66EB9D1D9CB8F1007BDE3A /* LQFactoryMethodViewController.m in Sources */,
				FCBB0B331D9E0F4F00B4ABAE /* LQRACModel.m in Sources */,
				FC75414A1D8158F800AC12F5 /* LQAnimalModel.m in Sources */,
				FC51A9341D659CA10004FEAE /* BaseViewController.m in Sources */,
				FC5BA12E1D768BAC00284C2E /* LQRunTimeViewController.m in Sources */,
				FC51A9311D659CA10004FEAE /* BaseNavigationViewController.m in Sources */,
				FC51A9331D659CA10004FEAE /* BaseView.m in Sources */,
				FCDF73EA1D6C44A8007B838B /* LQSearchingViewController.m in Sources */,
				FC78DBFA1D7817B3008C1EF6 /* LQKVOViewController.m in Sources */,
				FCBEF39A1D9BA78C005BD7D0 /* LQGetLableHeightViewController.m in Sources */,
				FC51A8F71D659C8F0004FEAE /* AppDelegate.m in Sources */,
				FC5BA1271D768B4000284C2E /* LQFullViewController.m in Sources */,
				FC79E58E1D7EACF700FE9F66 /* UIImage+LogImageName.m in Sources */,
				FCAE48F71D79597000A308C5 /* LQlgorithmViewController.m in Sources */,
				FC5BA1211D768B4000284C2E /* LQMultithreading_NSOperationViewController.m in Sources */,
				FCBB0B2B1D9E04D400B4ABAE /* LQRACMainViewController.m in Sources */,
				FCBB0B401D9E13D700B4ABAE /* LQGoodsViewController.m in Sources */,
				FCE362A81D66E9E600FFFC13 /* UIButton+LQAddition.m in Sources */,
				FC59C16C1D9A36CA00762D78 /* LQCGContextReftVIew.m in Sources */,
				FC79E5911D7EB0BA00FE9F66 /* LQPerson.m in Sources */,
				FC5BA1221D768B4000284C2E /* LQMultithreading_NSThreadViewController.m in Sources */,
				FC91CDFE1D912D830059581B /* LQPeopleModel.m in Sources */,
				FCDF73D11D6C36DE007B838B /* LQCustomCollectionViewLayout.m in Sources */,
				FC5BA1201D768B4000284C2E /* LQMultithreading_GCDViewController.m in Sources */,
				FC5BA1281D768B4000284C2E /* LQScreenViewController.m in Sources */,
				FC7541411D81534C00AC12F5 /* LQObjectViewController.m in Sources */,
				FC51A9321D659CA10004FEAE /* BaseTabBarViewController.m in Sources */,
				FC51A9301D659CA10004FEAE /* BaseModel.m in Sources */,
				FC2343B41D66D91000ADB748 /* LQNetworkingRequest.m in Sources */,
				FCDF73FA1D6C4862007B838B /* UmengUtility.m in Sources */,
				FC59C1691D9A367300762D78 /* LQCGContextRefViewController.m in Sources */,
				FCDF73CF1D6C36DE007B838B /* LQSexyWomanListModel.m in Sources */,
				FC51A8F41D659C8F0004FEAE /* main.m in Sources */,
				FC7541441D81553D00AC12F5 /* LQCatModel.m in Sources */,
				FC5BA1241D768B4000284C2E /* LQFunctionViewController.m in Sources */,
				FC75414D1D815FBC00AC12F5 /* LQSheepModel.m in Sources */,
				FCD06B351DA8E45200578D99 /* UITextField+LQAddition.m in Sources */,
				FCE362A11D66E58E00FFFC13 /* UIView+LwqCGRect.m in Sources */,
			);
			runOnlyForDeploymentPostprocessing = 0;
		};
		FC51A9041D659C8F0004FEAE /* Sources */ = {
			isa = PBXSourcesBuildPhase;
			buildActionMask = 2147483647;
			files = (
				FC51A90D1D659C8F0004FEAE /* LQBaseProjectTests.m in Sources */,
			);
			runOnlyForDeploymentPostprocessing = 0;
		};
		FC51A90F1D659C8F0004FEAE /* Sources */ = {
			isa = PBXSourcesBuildPhase;
			buildActionMask = 2147483647;
			files = (
				FC51A9181D659C8F0004FEAE /* LQBaseProjectUITests.m in Sources */,
			);
			runOnlyForDeploymentPostprocessing = 0;
		};
/* End PBXSourcesBuildPhase section */

/* Begin PBXTargetDependency section */
		FC51A90A1D659C8F0004FEAE /* PBXTargetDependency */ = {
			isa = PBXTargetDependency;
			target = FC51A8EE1D659C8F0004FEAE /* LQBaseProject */;
			targetProxy = FC51A9091D659C8F0004FEAE /* PBXContainerItemProxy */;
		};
		FC51A9151D659C8F0004FEAE /* PBXTargetDependency */ = {
			isa = PBXTargetDependency;
			target = FC51A8EE1D659C8F0004FEAE /* LQBaseProject */;
			targetProxy = FC51A9141D659C8F0004FEAE /* PBXContainerItemProxy */;
		};
/* End PBXTargetDependency section */

/* Begin PBXVariantGroup section */
		FC51A9001D659C8F0004FEAE /* LaunchScreen.storyboard */ = {
			isa = PBXVariantGroup;
			children = (
				FC51A9011D659C8F0004FEAE /* Base */,
			);
			name = LaunchScreen.storyboard;
			sourceTree = "<group>";
		};
/* End PBXVariantGroup section */

/* Begin XCBuildConfiguration section */
		FC51A91A1D659C8F0004FEAE /* Debug */ = {
			isa = XCBuildConfiguration;
			buildSettings = {
				ALWAYS_SEARCH_USER_PATHS = NO;
				CLANG_ANALYZER_NONNULL = YES;
				CLANG_CXX_LANGUAGE_STANDARD = "gnu++0x";
				CLANG_CXX_LIBRARY = "libc++";
				CLANG_ENABLE_MODULES = YES;
				CLANG_ENABLE_OBJC_ARC = YES;
				CLANG_WARN_BOOL_CONVERSION = YES;
				CLANG_WARN_CONSTANT_CONVERSION = YES;
				CLANG_WARN_DIRECT_OBJC_ISA_USAGE = YES_ERROR;
				CLANG_WARN_EMPTY_BODY = YES;
				CLANG_WARN_ENUM_CONVERSION = YES;
				CLANG_WARN_INT_CONVERSION = YES;
				CLANG_WARN_OBJC_ROOT_CLASS = YES_ERROR;
				CLANG_WARN_UNREACHABLE_CODE = YES;
				CLANG_WARN__DUPLICATE_METHOD_MATCH = YES;
				CODE_SIGN_IDENTITY = "iPhone Developer: Yao Zhang (K536BE6SZS)";
				"CODE_SIGN_IDENTITY[sdk=iphoneos*]" = "iPhone Developer: Yao Zhang (K536BE6SZS)";
				COPY_PHASE_STRIP = NO;
				DEBUG_INFORMATION_FORMAT = dwarf;
				DEVELOPMENT_TEAM = C9VG28535S;
				ENABLE_BITCODE = NO;
				ENABLE_STRICT_OBJC_MSGSEND = YES;
				ENABLE_TESTABILITY = YES;
				GCC_C_LANGUAGE_STANDARD = gnu99;
				GCC_DYNAMIC_NO_PIC = NO;
				GCC_NO_COMMON_BLOCKS = YES;
				GCC_OPTIMIZATION_LEVEL = 0;
				GCC_PREPROCESSOR_DEFINITIONS = (
					"DEBUG=1",
					"$(inherited)",
				);
				GCC_WARN_64_TO_32_BIT_CONVERSION = YES;
				GCC_WARN_ABOUT_RETURN_TYPE = YES_ERROR;
				GCC_WARN_UNDECLARED_SELECTOR = YES;
				GCC_WARN_UNINITIALIZED_AUTOS = YES_AGGRESSIVE;
				GCC_WARN_UNUSED_FUNCTION = YES;
				GCC_WARN_UNUSED_VARIABLE = YES;
				IPHONEOS_DEPLOYMENT_TARGET = 7.1;
				MTL_ENABLE_DEBUG_INFO = YES;
				ONLY_ACTIVE_ARCH = YES;
				PROVISIONING_PROFILE = "055a168f-284a-4990-a3d4-6e49d5b30b39";
				SDKROOT = iphoneos;
				TARGETED_DEVICE_FAMILY = "1,2";
			};
			name = Debug;
		};
		FC51A91B1D659C8F0004FEAE /* Release */ = {
			isa = XCBuildConfiguration;
			buildSettings = {
				ALWAYS_SEARCH_USER_PATHS = NO;
				CLANG_ANALYZER_NONNULL = YES;
				CLANG_CXX_LANGUAGE_STANDARD = "gnu++0x";
				CLANG_CXX_LIBRARY = "libc++";
				CLANG_ENABLE_MODULES = YES;
				CLANG_ENABLE_OBJC_ARC = YES;
				CLANG_WARN_BOOL_CONVERSION = YES;
				CLANG_WARN_CONSTANT_CONVERSION = YES;
				CLANG_WARN_DIRECT_OBJC_ISA_USAGE = YES_ERROR;
				CLANG_WARN_EMPTY_BODY = YES;
				CLANG_WARN_ENUM_CONVERSION = YES;
				CLANG_WARN_INT_CONVERSION = YES;
				CLANG_WARN_OBJC_ROOT_CLASS = YES_ERROR;
				CLANG_WARN_UNREACHABLE_CODE = YES;
				CLANG_WARN__DUPLICATE_METHOD_MATCH = YES;
				CODE_SIGN_IDENTITY = "iPhone Developer: Yao Zhang (K536BE6SZS)";
				"CODE_SIGN_IDENTITY[sdk=iphoneos*]" = "iPhone Developer: Yao Zhang (K536BE6SZS)";
				COPY_PHASE_STRIP = NO;
				DEBUG_INFORMATION_FORMAT = "dwarf-with-dsym";
				DEVELOPMENT_TEAM = C9VG28535S;
				ENABLE_BITCODE = NO;
				ENABLE_NS_ASSERTIONS = NO;
				ENABLE_STRICT_OBJC_MSGSEND = YES;
				GCC_C_LANGUAGE_STANDARD = gnu99;
				GCC_NO_COMMON_BLOCKS = YES;
				GCC_WARN_64_TO_32_BIT_CONVERSION = YES;
				GCC_WARN_ABOUT_RETURN_TYPE = YES_ERROR;
				GCC_WARN_UNDECLARED_SELECTOR = YES;
				GCC_WARN_UNINITIALIZED_AUTOS = YES_AGGRESSIVE;
				GCC_WARN_UNUSED_FUNCTION = YES;
				GCC_WARN_UNUSED_VARIABLE = YES;
				IPHONEOS_DEPLOYMENT_TARGET = 7.1;
				MTL_ENABLE_DEBUG_INFO = NO;
				PROVISIONING_PROFILE = "055a168f-284a-4990-a3d4-6e49d5b30b39";
				SDKROOT = iphoneos;
				TARGETED_DEVICE_FAMILY = "1,2";
				VALIDATE_PRODUCT = YES;
			};
			name = Release;
		};
		FC51A91D1D659C8F0004FEAE /* Debug */ = {
			isa = XCBuildConfiguration;
			baseConfigurationReference = 99518C0F04B59A9CC10FCBB9 /* Pods-LQBaseProject.debug.xcconfig */;
			buildSettings = {
				ASSETCATALOG_COMPILER_APPICON_NAME = AppIcon;
				ASSETCATALOG_OTHER_FLAGS = "";
				CODE_SIGN_IDENTITY = "iPhone Developer: Yao Zhang (K536BE6SZS)";
				DEVELOPMENT_TEAM = C9VG28535S;
				ENABLE_BITCODE = NO;
				INFOPLIST_FILE = LQBaseProject/Info.plist;
				IPHONEOS_DEPLOYMENT_TARGET = 7.1;
				LD_RUNPATH_SEARCH_PATHS = "$(inherited) @executable_path/Frameworks";
				LIBRARY_SEARCH_PATHS = (
					"\"$(PODS_ROOT)/UMengAnalytics-NO-IDFA/**\"",
					"$(PODS_ROOT)/UmengSocialCOM/Umeng_SDK_Social_iOS_ARM64_5.2.1/UMSocial_Sdk_5.2.1/**",
					"$(PODS_ROOT)/UmengSocialCOM/Umeng_SDK_Social_iOS_ARM64_5.2.1/UMSocial_Sdk_Extra_Frameworks/TencentOpenAPI/",
					"$(PODS_ROOT)/UmengSocialCOM/Umeng_SDK_Social_iOS_ARM64_5.2.1/UMSocial_Sdk_Extra_Frameworks/Wechat/**",
					"$(PODS_ROOT)/UmengSocialCOM/Umeng_SDK_Social_iOS_ARM64_5.2.1/UMSocial_Sdk_Extra_Frameworks/AlipayShare/**",
					"$(PODS_ROOT)/UmengSocialCOM/Umeng_SDK_Social_iOS_ARM64_5.2.1/UMSocial_Sdk_Extra_Frameworks/SinaSSO/**",
					"$(PODS_ROOT)/UmengSocialCOM/Umeng_SDK_Social_iOS_ARM64_5.2.1/UMSocial_Sdk_Extra_Frameworks/Line/**",
					"$(PODS_ROOT)/UmengSocialCOM/Umeng_SDK_Social_iOS_ARM64_5.2.1/UMSocial_Sdk_Extra_Frameworks/Whatsapp/**",
					"$(PODS_ROOT)/UmengSocialCOM/Umeng_SDK_Social_iOS_ARM64_5.2.1/UMSocial_Sdk_Extra_Frameworks/Instagram/**",
					"$(PODS_ROOT)/UmengSocialCOM/Umeng_SDK_Social_iOS_ARM64_5.2.1/UMSocial_Sdk_Extra_Frameworks/Tumblr/**",
					"$(PODS_ROOT)/UmengSocialCOM/Umeng_SDK_Social_iOS_ARM64_5.2.1/UMSocial_Sdk_Extra_Frameworks/LaiWang/**",
					"$(PODS_ROOT)/UmengSocialCOM/Umeng_SDK_Social_iOS_ARM64_5.2.1/UMSocial_Sdk_Extra_Frameworks/Twitter/**",
					"$(PODS_ROOT)/UmengSocialCOM/Umeng_SDK_Social_iOS_ARM64_5.2.1/UMSocial_Sdk_Extra_Frameworks/Facebook/**",
				);
				OTHER_LDFLAGS = (
					"$(inherited)",
					"-ObjC",
					"-l\"AFNetworking\"",
					"-l\"APOpenSdk\"",
					"-l\"ChameleonFramework\"",
					"-l\"DateTools\"",
					"-l\"LWApiSDK\"",
					"-l\"MJRefresh\"",
					"-l\"SDWebImage\"",
					"-l\"SocialAlipayShare\"",
					"-l\"SocialFacebook\"",
					"-l\"SocialInstagram\"",
					"-l\"SocialLaiWang\"",
					"-l\"SocialLine\"",
					"-l\"SocialQQ\"",
					"-l\"SocialSinaSSO\"",
					"-l\"SocialTumblr\"",
					"-l\"SocialTwitter\"",
					"-l\"SocialWechat\"",
					"-l\"SocialWhatsapp\"",
					"-l\"UMSocial_Sdk_5.2.1\"",
					"-l\"UMSocial_Sdk_Comment_5.2.1\"",
					"-l\"WeChatSDK\"",
					"-l\"WeiboSDK\"",
					"-l\"iCarousel\"",
					"-l\"iconv\"",
					"-l\"sqlite3\"",
					"-l\"stdc++\"",
					"-l\"z\"",
					"-framework",
					"\"Accounts\"",
					"-framework",
					"\"CoreData\"",
					"-framework",
					"\"CoreGraphics\"",
					"-framework",
					"\"CoreTelephony\"",
					"-framework",
					"\"FBSDKCoreKit\"",
					"-framework",
					"\"FBSDKLoginKit\"",
					"-framework",
					"\"FBSDKShareKit\"",
					"-framework",
					"\"Fabric\"",
					"-framework",
					"\"ImageIO\"",
					"-framework",
					"\"MobileCoreServices\"",
					"-framework",
					"\"QuartzCore\"",
					"-framework",
					"\"Security\"",
					"-framework",
					"\"Social\"",
					"-framework",
					"\"SystemConfiguration\"",
					"-framework",
					"\"TencentOpenAPI\"",
					"-framework",
					"\"TwitterCore\"",
					"-framework",
					"\"TwitterKit\"",
					"-framework",
					"\"UIKit\"",
					"-framework",
					"\"UMMobClick\"",
					"-w",
				);
				OTHER_LIBTOOLFLAGS = "";
				PRODUCT_BUNDLE_IDENTIFIER = com.Oarcleen.LQBaseProject;
				PRODUCT_NAME = "$(TARGET_NAME)";
				PROVISIONING_PROFILE = "d6e58947-f03b-4a02-8b0c-daab2aeb9eca";
				PROVISIONING_PROFILE_SPECIFIER = OraCleenDeveloperWildcard;
				TARGETED_DEVICE_FAMILY = "1,2";
			};
			name = Debug;
		};
		FC51A91E1D659C8F0004FEAE /* Release */ = {
			isa = XCBuildConfiguration;
			baseConfigurationReference = 2D6770FB7C6140271D6EBA97 /* Pods-LQBaseProject.release.xcconfig */;
			buildSettings = {
				ASSETCATALOG_COMPILER_APPICON_NAME = AppIcon;
				ASSETCATALOG_OTHER_FLAGS = "";
				CODE_SIGN_IDENTITY = "iPhone Developer: Yao Zhang (K536BE6SZS)";
				"CODE_SIGN_IDENTITY[sdk=iphoneos*]" = "iPhone Developer: Yao Zhang (K536BE6SZS)";
				DEVELOPMENT_TEAM = C9VG28535S;
				ENABLE_BITCODE = NO;
				INFOPLIST_FILE = LQBaseProject/Info.plist;
				IPHONEOS_DEPLOYMENT_TARGET = 7.1;
				LD_RUNPATH_SEARCH_PATHS = "$(inherited) @executable_path/Frameworks";
				LIBRARY_SEARCH_PATHS = (
					"\"$(PODS_ROOT)/UMengAnalytics-NO-IDFA/**\"",
					"$(PODS_ROOT)/UmengSocialCOM/Umeng_SDK_Social_iOS_ARM64_5.2.1/UMSocial_Sdk_5.2.1/**",
					"$(PODS_ROOT)/UmengSocialCOM/Umeng_SDK_Social_iOS_ARM64_5.2.1/UMSocial_Sdk_Extra_Frameworks/TencentOpenAPI/",
					"$(PODS_ROOT)/UmengSocialCOM/Umeng_SDK_Social_iOS_ARM64_5.2.1/UMSocial_Sdk_Extra_Frameworks/Wechat/**",
					"$(PODS_ROOT)/UmengSocialCOM/Umeng_SDK_Social_iOS_ARM64_5.2.1/UMSocial_Sdk_Extra_Frameworks/AlipayShare/**",
					"$(PODS_ROOT)/UmengSocialCOM/Umeng_SDK_Social_iOS_ARM64_5.2.1/UMSocial_Sdk_Extra_Frameworks/SinaSSO/**",
					"$(PODS_ROOT)/UmengSocialCOM/Umeng_SDK_Social_iOS_ARM64_5.2.1/UMSocial_Sdk_Extra_Frameworks/Line/**",
					"$(PODS_ROOT)/UmengSocialCOM/Umeng_SDK_Social_iOS_ARM64_5.2.1/UMSocial_Sdk_Extra_Frameworks/Whatsapp/**",
					"$(PODS_ROOT)/UmengSocialCOM/Umeng_SDK_Social_iOS_ARM64_5.2.1/UMSocial_Sdk_Extra_Frameworks/Instagram/**",
					"$(PODS_ROOT)/UmengSocialCOM/Umeng_SDK_Social_iOS_ARM64_5.2.1/UMSocial_Sdk_Extra_Frameworks/Tumblr/**",
					"$(PODS_ROOT)/UmengSocialCOM/Umeng_SDK_Social_iOS_ARM64_5.2.1/UMSocial_Sdk_Extra_Frameworks/LaiWang/**",
					"$(PODS_ROOT)/UmengSocialCOM/Umeng_SDK_Social_iOS_ARM64_5.2.1/UMSocial_Sdk_Extra_Frameworks/Twitter/**",
					"$(PODS_ROOT)/UmengSocialCOM/Umeng_SDK_Social_iOS_ARM64_5.2.1/UMSocial_Sdk_Extra_Frameworks/Facebook/**",
				);
				OTHER_LDFLAGS = (
					"$(inherited)",
					"-ObjC",
					"-l\"AFNetworking\"",
					"-l\"APOpenSdk\"",
					"-l\"ChameleonFramework\"",
					"-l\"DateTools\"",
					"-l\"LWApiSDK\"",
					"-l\"MJRefresh\"",
					"-l\"SDWebImage\"",
					"-l\"SocialAlipayShare\"",
					"-l\"SocialFacebook\"",
					"-l\"SocialInstagram\"",
					"-l\"SocialLaiWang\"",
					"-l\"SocialLine\"",
					"-l\"SocialQQ\"",
					"-l\"SocialSinaSSO\"",
					"-l\"SocialTumblr\"",
					"-l\"SocialTwitter\"",
					"-l\"SocialWechat\"",
					"-l\"SocialWhatsapp\"",
					"-l\"UMSocial_Sdk_5.2.1\"",
					"-l\"UMSocial_Sdk_Comment_5.2.1\"",
					"-l\"WeChatSDK\"",
					"-l\"WeiboSDK\"",
					"-l\"iCarousel\"",
					"-l\"iconv\"",
					"-l\"sqlite3\"",
					"-l\"stdc++\"",
					"-l\"z\"",
					"-framework",
					"\"Accounts\"",
					"-framework",
					"\"CoreData\"",
					"-framework",
					"\"CoreGraphics\"",
					"-framework",
					"\"CoreTelephony\"",
					"-framework",
					"\"FBSDKCoreKit\"",
					"-framework",
					"\"FBSDKLoginKit\"",
					"-framework",
					"\"FBSDKShareKit\"",
					"-framework",
					"\"Fabric\"",
					"-framework",
					"\"ImageIO\"",
					"-framework",
					"\"MobileCoreServices\"",
					"-framework",
					"\"QuartzCore\"",
					"-framework",
					"\"Security\"",
					"-framework",
					"\"Social\"",
					"-framework",
					"\"SystemConfiguration\"",
					"-framework",
					"\"TencentOpenAPI\"",
					"-framework",
					"\"TwitterCore\"",
					"-framework",
					"\"TwitterKit\"",
					"-framework",
					"\"UIKit\"",
					"-framework",
					"\"UMMobClick\"",
					"-w",
				);
				OTHER_LIBTOOLFLAGS = "";
				PRODUCT_BUNDLE_IDENTIFIER = com.Oarcleen.LQBaseProject;
				PRODUCT_NAME = "$(TARGET_NAME)";
				PROVISIONING_PROFILE = "d6e58947-f03b-4a02-8b0c-daab2aeb9eca";
				PROVISIONING_PROFILE_SPECIFIER = OraCleenDeveloperWildcard;
				TARGETED_DEVICE_FAMILY = "1,2";
			};
			name = Release;
		};
		FC51A9201D659C8F0004FEAE /* Debug */ = {
			isa = XCBuildConfiguration;
			buildSettings = {
				BUNDLE_LOADER = "$(TEST_HOST)";
				INFOPLIST_FILE = LQBaseProjectTests/Info.plist;
				LD_RUNPATH_SEARCH_PATHS = "$(inherited) @executable_path/Frameworks @loader_path/Frameworks";
				PRODUCT_BUNDLE_IDENTIFIER = com.Oarcleen.LQBaseProjectTests;
				PRODUCT_NAME = "$(TARGET_NAME)";
				TEST_HOST = "$(BUILT_PRODUCTS_DIR)/LQBaseProject.app/LQBaseProject";
			};
			name = Debug;
		};
		FC51A9211D659C8F0004FEAE /* Release */ = {
			isa = XCBuildConfiguration;
			buildSettings = {
				BUNDLE_LOADER = "$(TEST_HOST)";
				INFOPLIST_FILE = LQBaseProjectTests/Info.plist;
				LD_RUNPATH_SEARCH_PATHS = "$(inherited) @executable_path/Frameworks @loader_path/Frameworks";
				PRODUCT_BUNDLE_IDENTIFIER = com.Oarcleen.LQBaseProjectTests;
				PRODUCT_NAME = "$(TARGET_NAME)";
				TEST_HOST = "$(BUILT_PRODUCTS_DIR)/LQBaseProject.app/LQBaseProject";
			};
			name = Release;
		};
		FC51A9231D659C8F0004FEAE /* Debug */ = {
			isa = XCBuildConfiguration;
			buildSettings = {
				INFOPLIST_FILE = LQBaseProjectUITests/Info.plist;
				LD_RUNPATH_SEARCH_PATHS = "$(inherited) @executable_path/Frameworks @loader_path/Frameworks";
				PRODUCT_BUNDLE_IDENTIFIER = com.Oarcleen.LQBaseProjectUITests;
				PRODUCT_NAME = "$(TARGET_NAME)";
				TEST_TARGET_NAME = LQBaseProject;
			};
			name = Debug;
		};
		FC51A9241D659C8F0004FEAE /* Release */ = {
			isa = XCBuildConfiguration;
			buildSettings = {
				INFOPLIST_FILE = LQBaseProjectUITests/Info.plist;
				LD_RUNPATH_SEARCH_PATHS = "$(inherited) @executable_path/Frameworks @loader_path/Frameworks";
				PRODUCT_BUNDLE_IDENTIFIER = com.Oarcleen.LQBaseProjectUITests;
				PRODUCT_NAME = "$(TARGET_NAME)";
				TEST_TARGET_NAME = LQBaseProject;
			};
			name = Release;
		};
/* End XCBuildConfiguration section */

/* Begin XCConfigurationList section */
		FC51A8EA1D659C8F0004FEAE /* Build configuration list for PBXProject "LQBaseProject" */ = {
			isa = XCConfigurationList;
			buildConfigurations = (
				FC51A91A1D659C8F0004FEAE /* Debug */,
				FC51A91B1D659C8F0004FEAE /* Release */,
			);
			defaultConfigurationIsVisible = 0;
			defaultConfigurationName = Release;
		};
		FC51A91C1D659C8F0004FEAE /* Build configuration list for PBXNativeTarget "LQBaseProject" */ = {
			isa = XCConfigurationList;
			buildConfigurations = (
				FC51A91D1D659C8F0004FEAE /* Debug */,
				FC51A91E1D659C8F0004FEAE /* Release */,
			);
			defaultConfigurationIsVisible = 0;
			defaultConfigurationName = Release;
		};
		FC51A91F1D659C8F0004FEAE /* Build configuration list for PBXNativeTarget "LQBaseProjectTests" */ = {
			isa = XCConfigurationList;
			buildConfigurations = (
				FC51A9201D659C8F0004FEAE /* Debug */,
				FC51A9211D659C8F0004FEAE /* Release */,
			);
			defaultConfigurationIsVisible = 0;
			defaultConfigurationName = Release;
		};
		FC51A9221D659C8F0004FEAE /* Build configuration list for PBXNativeTarget "LQBaseProjectUITests" */ = {
			isa = XCConfigurationList;
			buildConfigurations = (
				FC51A9231D659C8F0004FEAE /* Debug */,
				FC51A9241D659C8F0004FEAE /* Release */,
			);
			defaultConfigurationIsVisible = 0;
			defaultConfigurationName = Release;
		};
/* End XCConfigurationList section */
	};
	rootObject = FC51A8E71D659C8F0004FEAE /* Project object */;
}
